{
  "requires": true,
  "lockfileVersion": 1,
  "dependencies": {
    "async-lock": {
      "version": "1.1.3",
      "resolved": "https://registry.npmjs.org/async-lock/-/async-lock-1.1.3.tgz",
      "integrity": "sha512-nxlfFLGfCJ1r7p9zhR5OuL6jYkDd9P7FqSitfLji+C1NdyhCz4+rWW3kiPiyPASHhN7VlsKEvRWWbnME9lYngw=="
    },
    "base64-js": {
      "version": "0.0.2",
      "resolved": "https://registry.npmjs.org/base64-js/-/base64-js-0.0.2.tgz",
      "integrity": "sha1-Ak8Pcq+iW3X5wO5zzU9V7Bvtl4Q="
    },
    "benchmark": {
      "version": "1.0.0",
      "resolved": "https://registry.npmjs.org/benchmark/-/benchmark-1.0.0.tgz",
      "integrity": "sha1-Lx4vpMNZ8REiqhgwgiGOlX45DHM="
    },
    "bops": {
      "version": "0.0.7",
      "resolved": "https://registry.npmjs.org/bops/-/bops-0.0.7.tgz",
      "integrity": "sha1-tKClqDmkBkVK8P4FqLkaenZqVOI=",
      "requires": {
        "base64-js": "0.0.2",
        "to-utf8": "0.0.1"
      }
    },
    "clean-git-ref": {
      "version": "1.0.3",
      "resolved": "https://registry.npmjs.org/clean-git-ref/-/clean-git-ref-1.0.3.tgz",
      "integrity": "sha1-UyXcg56rAcl0rg6X9XNHgnUPiOw="
    },
    "crc-32": {
      "version": "1.2.0",
      "resolved": "https://registry.npmjs.org/crc-32/-/crc-32-1.2.0.tgz",
      "integrity": "sha512-1uBwHxF+Y/4yF5G48fwnKq6QsIXheor3ZLPT80yGBV1oEUwpPojlEhQbWKVw1VwcTQyMGHK1/XMmTjmlsmTTGA==",
      "requires": {
        "exit-on-epipe": "1.0.1",
        "printj": "1.1.2"
      }
    },
    "decompress-response": {
      "version": "3.3.0",
      "resolved": "https://registry.npmjs.org/decompress-response/-/decompress-response-3.3.0.tgz",
      "integrity": "sha1-gKTdMjdIOEv6JICDYirt7Jgq3/M=",
      "requires": {
        "mimic-response": "1.0.1"
      }
    },
    "diff": {
      "version": "2.2.3",
      "resolved": "https://registry.npmjs.org/diff/-/diff-2.2.3.tgz",
      "integrity": "sha1-YOr9DSjukG5Oj/ClLBIpUhAzv5k="
    },
    "diff-lines": {
      "version": "1.1.0",
      "resolved": "https://registry.npmjs.org/diff-lines/-/diff-lines-1.1.0.tgz",
      "integrity": "sha1-S72SVxPgJ0d7zUIIG2hEkUexlkg=",
      "requires": {
        "diff": "2.2.3"
      }
    },
    "exit-on-epipe": {
      "version": "1.0.1",
      "resolved": "https://registry.npmjs.org/exit-on-epipe/-/exit-on-epipe-1.0.1.tgz",
      "integrity": "sha512-h2z5mrROTxce56S+pnvAV890uu7ls7f1kEvVGJbw1OlFH3/mlJ5bkXu0KRyW94v37zzHPiUd55iLn3DA7TjWpw=="
    },
    "git-apply-delta": {
      "version": "0.0.7",
      "resolved": "https://registry.npmjs.org/git-apply-delta/-/git-apply-delta-0.0.7.tgz",
      "integrity": "sha1-+3auFEVA15RAtSsx3gPmPJk8chk=",
      "requires": {
        "bops": "0.0.7",
        "varint": "0.0.3"
      }
    },
    "globalyzer": {
      "version": "0.1.0",
      "resolved": "https://registry.npmjs.org/globalyzer/-/globalyzer-0.1.0.tgz",
      "integrity": "sha512-40oNTM9UfG6aBmuKxk/giHn5nQ8RVz/SS4Ir6zgzOv9/qC3kKZ9v4etGTcJbEl/NyVQH7FGU7d+X1egr57Md2Q=="
    },
    "globrex": {
      "version": "0.1.2",
      "resolved": "https://registry.npmjs.org/globrex/-/globrex-0.1.2.tgz",
      "integrity": "sha512-uHJgbwAMwNFf5mLst7IWLNg14x1CkeqglJb/K3doi4dw6q2IvAAmM/Y81kevy83wP+Sst+nutFTYOGg3d1lsxg=="
    },
    "ignore": {
      "version": "5.0.5",
      "resolved": "https://registry.npmjs.org/ignore/-/ignore-5.0.5.tgz",
      "integrity": "sha512-kOC8IUb8HSDMVcYrDVezCxpJkzSQWTAzf3olpKM6o9rM5zpojx23O0Fl8Wr4+qJ6ZbPEHqf1fdwev/DS7v7pmA=="
    },
    "inherits": {
      "version": "2.0.3",
      "resolved": "https://registry.npmjs.org/inherits/-/inherits-2.0.3.tgz",
      "integrity": "sha1-Yzwsg+PaQqUC9SRmAiSA9CCCYd4="
    },
    "isomorphic-git": {
      "version": "0.51.6",
      "resolved": "https://registry.npmjs.org/isomorphic-git/-/isomorphic-git-0.51.6.tgz",
      "integrity": "sha512-aCbHmwI4tArAFJN2MmGVMXvsTUARwpsW4hfrHr/KyONDwbmc3XWJPINoQM8Y/SWTcoSU360qNL5vlnXKscBvWQ==",
      "requires": {
        "async-lock": "1.1.3",
        "clean-git-ref": "1.0.3",
        "crc-32": "1.2.0",
        "diff-lines": "1.1.0",
        "git-apply-delta": "0.0.7",
        "globalyzer": "0.1.0",
        "globrex": "0.1.2",
        "ignore": "5.0.5",
        "marky": "1.2.1",
        "minimisted": "2.0.0",
        "nick": "0.1.3",
        "pako": "1.0.8",
        "pify": "4.0.1",
        "readable-stream": "3.1.1",
        "sha.js": "2.4.11",
        "simple-get": "3.0.3"
      }
    },
    "marky": {
      "version": "1.2.1",
      "resolved": "https://registry.npmjs.org/marky/-/marky-1.2.1.tgz",
      "integrity": "sha512-md9k+Gxa3qLH6sUKpeC2CNkJK/Ld+bEz5X96nYwloqphQE0CKCVEKco/6jxEZixinqNdz5RFi/KaCyfbMDMAXQ=="
    },
    "mimic-response": {
      "version": "1.0.1",
      "resolved": "https://registry.npmjs.org/mimic-response/-/mimic-response-1.0.1.tgz",
      "integrity": "sha512-j5EctnkH7amfV/q5Hgmoal1g2QHFJRraOtmx0JpIqkxhBhI/lJSl1nMpQ45hVarwNETOoWEimndZ4QK0RHxuxQ=="
    },
    "minimist": {
      "version": "1.2.0",
      "resolved": "https://registry.npmjs.org/minimist/-/minimist-1.2.0.tgz",
      "integrity": "sha1-o1AIsg9BOD7sH7kU9M1d95omQoQ="
    },
    "minimisted": {
      "version": "2.0.0",
      "resolved": "https://registry.npmjs.org/minimisted/-/minimisted-2.0.0.tgz",
      "integrity": "sha512-oP88Dw3LK/pdrKyMdlbmg3W50969UNr4ctISzJfPl+YPYHTAOrS+dihXnsgRNKSRIzDsrnV3eE2CCVlZbpOKdQ==",
      "requires": {
        "minimist": "1.2.0"
      }
    },
    "nick": {
      "version": "0.1.3",
      "resolved": "https://registry.npmjs.org/nick/-/nick-0.1.3.tgz",
      "integrity": "sha1-2KMLfaeJ1BfguqVDfzPEh76bYCA=",
      "requires": {
        "benchmark": "1.0.0"
      }
    },
    "once": {
      "version": "1.4.0",
      "resolved": "https://registry.npmjs.org/once/-/once-1.4.0.tgz",
      "integrity": "sha1-WDsap3WWHUsROsF9nFC6753Xa9E=",
      "requires": {
        "wrappy": "1.0.2"
      }
    },
    "pako": {
      "version": "1.0.8",
      "resolved": "https://registry.npmjs.org/pako/-/pako-1.0.8.tgz",
      "integrity": "sha512-6i0HVbUfcKaTv+EG8ZTr75az7GFXcLYk9UyLEg7Notv/Ma+z/UG3TCoz6GiNeOrn1E/e63I0X/Hpw18jHOTUnA=="
    },
    "pify": {
      "version": "4.0.1",
      "resolved": "https://registry.npmjs.org/pify/-/pify-4.0.1.tgz",
      "integrity": "sha512-uB80kBFb/tfd68bVleG9T5GGsGPjJrLAUpR5PZIrhBnIaRTQRjqdJSsIKkOP6OAIFbj7GOrcudc5pNjZ+geV2g=="
    },
    "printj": {
      "version": "1.1.2",
      "resolved": "https://registry.npmjs.org/printj/-/printj-1.1.2.tgz",
      "integrity": "sha512-zA2SmoLaxZyArQTOPj5LXecR+RagfPSU5Kw1qP+jkWeNlrq+eJZyY2oS68SU1Z/7/myXM4lo9716laOFAVStCQ=="
    },
    "readable-stream": {
      "version": "3.1.1",
      "resolved": "https://registry.npmjs.org/readable-stream/-/readable-stream-3.1.1.tgz",
      "integrity": "sha512-DkN66hPyqDhnIQ6Jcsvx9bFjhw214O4poMBcIMgPVpQvNy9a0e0Uhg5SqySyDKAmUlwt8LonTBz1ezOnM8pUdA==",
      "requires": {
        "inherits": "2.0.3",
        "string_decoder": "1.2.0",
        "util-deprecate": "1.0.2"
      }
    },
    "safe-buffer": {
      "version": "5.1.2",
      "resolved": "https://registry.npmjs.org/safe-buffer/-/safe-buffer-5.1.2.tgz",
      "integrity": "sha512-Gd2UZBJDkXlY7GbJxfsE8/nvKkUEU1G38c1siN6QP6a9PT9MmHB8GnpscSmMJSoF8LOIrt8ud/wPtojys4G6+g=="
    },
    "sha.js": {
      "version": "2.4.11",
      "resolved": "https://registry.npmjs.org/sha.js/-/sha.js-2.4.11.tgz",
      "integrity": "sha512-QMEp5B7cftE7APOjk5Y6xgrbWu+WkLVQwk8JNjZ8nKRciZaByEW6MubieAiToS7+dwvrjGhH8jRXz3MVd0AYqQ==",
      "requires": {
        "inherits": "2.0.3",
        "safe-buffer": "5.1.2"
      }
    },
    "simple-concat": {
      "version": "1.0.0",
      "resolved": "https://registry.npmjs.org/simple-concat/-/simple-concat-1.0.0.tgz",
      "integrity": "sha1-c0TLuLbib7J9ZrL8hvn21Zl1IcY="
    },
    "simple-get": {
      "version": "3.0.3",
      "resolved": "https://registry.npmjs.org/simple-get/-/simple-get-3.0.3.tgz",
      "integrity": "sha512-Wvre/Jq5vgoz31Z9stYWPLn0PqRqmBDpFSdypAnHu5AvRVCYPRYGnvryNLiXu8GOBNDH82J2FRHUGMjjHUpXFw==",
      "requires": {
        "decompress-response": "3.3.0",
        "once": "1.4.0",
        "simple-concat": "1.0.0"
      }
    },
    "string_decoder": {
      "version": "1.2.0",
      "resolved": "https://registry.npmjs.org/string_decoder/-/string_decoder-1.2.0.tgz",
      "integrity": "sha512-6YqyX6ZWEYguAxgZzHGL7SsCeGx3V2TtOTqZz1xSTSWnqsbWwbptafNyvf/ACquZUXV3DANr5BDIwNYe1mN42w==",
      "requires": {
        "safe-buffer": "5.1.2"
      }
    },
    "to-utf8": {
      "version": "0.0.1",
      "resolved": "https://registry.npmjs.org/to-utf8/-/to-utf8-0.0.1.tgz",
      "integrity": "sha1-0Xrqcv8vujm55DYBvns/9y4ImFI="
    },
    "util-deprecate": {
      "version": "1.0.2",
      "resolved": "https://registry.npmjs.org/util-deprecate/-/util-deprecate-1.0.2.tgz",
      "integrity": "sha1-RQ1Nyfpw3nMnYvvS1KKJgUGaDM8="
    },
    "varint": {
      "version": "0.0.3",
      "resolved": "https://registry.npmjs.org/varint/-/varint-0.0.3.tgz",
      "integrity": "sha1-uCHemwSzizzSL3LBjZSp+3KrNRg="
    },
    "wrappy": {
      "version": "1.0.2",
      "resolved": "https://registry.npmjs.org/wrappy/-/wrappy-1.0.2.tgz",
      "integrity": "sha1-tSQ9jz7BqjXxNkYFvA0QNuMKtp8="
    }
  }
}
