// !$*UTF8*$!
{
	archiveVersion = 1;
	classes = {
	};
	objectVersion = 52;
	objects = {

/* Begin PBXAggregateTarget section */
		68B079332216B27100772FC6 /* Periphery */ = {
			isa = PBXAggregateTarget;
			buildConfigurationList = 68B079362216B27100772FC6 /* Build configuration list for PBXAggregateTarget "Periphery" */;
			buildPhases = (
				68B079372216B27D00772FC6 /* ShellScript */,
			);
			dependencies = (
			);
			name = Periphery;
			productName = Periphery;
		};
/* End PBXAggregateTarget section */

/* Begin PBXBuildFile section */
		6802069D21C6469C000686D1 /* Data.swift in Sources */ = {isa = PBXBuildFile; fileRef = 6802069C21C6469C000686D1 /* Data.swift */; };
		68040212220EC67500789453 /* BLTNBoard.framework in Frameworks */ = {isa = PBXBuildFile; fileRef = 68040211220EC67500789453 /* BLTNBoard.framework */; };
		68040217220EC67800789453 /* ObjectiveGit.framework in Frameworks */ = {isa = PBXBuildFile; fileRef = 68040214220EC67800789453 /* ObjectiveGit.framework */; };
		68058E5821C7AFCB0088334E /* TableViewExtension.swift in Sources */ = {isa = PBXBuildFile; fileRef = 68058E5721C7AFCB0088334E /* TableViewExtension.swift */; };
		6808B18121BD1D8200811058 /* Files.swift in Sources */ = {isa = PBXBuildFile; fileRef = 6808B18021BD1D8200811058 /* Files.swift */; };
		6808B18321BD1E5200811058 /* FileProjects.swift in Sources */ = {isa = PBXBuildFile; fileRef = 6808B18221BD1E5200811058 /* FileProjects.swift */; };
		680CEDC52261FE2F007AFEE0 /* Cht.swift in Sources */ = {isa = PBXBuildFile; fileRef = 680CEDC42261FE2F007AFEE0 /* Cht.swift */; };
		6813ED4F21FDC29B007FC120 /* Alert.swift in Sources */ = {isa = PBXBuildFile; fileRef = 6813ED4E21FDC29B007FC120 /* Alert.swift */; };
		68162E8821BBE11200CDA628 /* EditorView in Resources */ = {isa = PBXBuildFile; fileRef = 68162E8721BBE11200CDA628 /* EditorView */; };
		68190017220EE346003E0972 /* SettingsVC.swift in Sources */ = {isa = PBXBuildFile; fileRef = 68190016220EE346003E0972 /* SettingsVC.swift */; };
		681D9F7621E604C90054CC5E /* PullPush.swift in Sources */ = {isa = PBXBuildFile; fileRef = 681D9F7521E604C90054CC5E /* PullPush.swift */; };
		681DF61A227ECB8700023DD9 /* SmallCompleletionCell.swift in Sources */ = {isa = PBXBuildFile; fileRef = 681DF619227ECB8700023DD9 /* SmallCompleletionCell.swift */; };
		681DF61C227ECB9B00023DD9 /* LargeCompleletionCell.swift in Sources */ = {isa = PBXBuildFile; fileRef = 681DF61B227ECB9B00023DD9 /* LargeCompleletionCell.swift */; };
		681DF61E227ECBEB00023DD9 /* CompletionFeature.swift in Sources */ = {isa = PBXBuildFile; fileRef = 681DF61D227ECBEB00023DD9 /* CompletionFeature.swift */; };
		6823A97221C4A22000EA0A2E /* octicons.ttf in Resources */ = {isa = PBXBuildFile; fileRef = 6856C7A821B2773F00441767 /* octicons.ttf */; };
		68244C0E23D1157800F50B5C /* ExceptionCatcher in Frameworks */ = {isa = PBXBuildFile; productRef = 68244C0D23D1157800F50B5C /* ExceptionCatcher */; };
		682BCEE4233193890086FAA4 /* GameVC.swift in Sources */ = {isa = PBXBuildFile; fileRef = 682BCEE3233193890086FAA4 /* GameVC.swift */; };
		682BCEE6233193A80086FAA4 /* AudioPlayer.swift in Sources */ = {isa = PBXBuildFile; fileRef = 682BCEE5233193A80086FAA4 /* AudioPlayer.swift */; };
		682BCEE8233193D20086FAA4 /* GameScene.swift in Sources */ = {isa = PBXBuildFile; fileRef = 682BCEE7233193D20086FAA4 /* GameScene.swift */; };
		682BCEEB233193F70086FAA4 /* Actions.sks in Resources */ = {isa = PBXBuildFile; fileRef = 682BCEE9233193F60086FAA4 /* Actions.sks */; };
		682BCEEC233193F70086FAA4 /* GameScene.sks in Resources */ = {isa = PBXBuildFile; fileRef = 682BCEEA233193F70086FAA4 /* GameScene.sks */; };
		682BCEEE233194360086FAA4 /* Game.storyboard in Resources */ = {isa = PBXBuildFile; fileRef = 682BCEED233194360086FAA4 /* Game.storyboard */; };
		682BCEF6233194720086FAA4 /* impact1.mp3 in Resources */ = {isa = PBXBuildFile; fileRef = 682BCEF0233194720086FAA4 /* impact1.mp3 */; };
		682BCEF7233194720086FAA4 /* The_Tesseract.mp3 in Resources */ = {isa = PBXBuildFile; fileRef = 682BCEF1233194720086FAA4 /* The_Tesseract.mp3 */; };
		682BCEF8233194720086FAA4 /* impact2.mp3 in Resources */ = {isa = PBXBuildFile; fileRef = 682BCEF2233194720086FAA4 /* impact2.mp3 */; };
		682BCEF9233194720086FAA4 /* gameOver.mp3 in Resources */ = {isa = PBXBuildFile; fileRef = 682BCEF3233194720086FAA4 /* gameOver.mp3 */; };
		682BCEFA233194720086FAA4 /* btnTapped.mp3 in Resources */ = {isa = PBXBuildFile; fileRef = 682BCEF4233194720086FAA4 /* btnTapped.mp3 */; };
		682BCEFB233194720086FAA4 /* background.mov in Resources */ = {isa = PBXBuildFile; fileRef = 682BCEF5233194720086FAA4 /* background.mov */; };
		682BCF002331949A0086FAA4 /* SetButtons.swift in Sources */ = {isa = PBXBuildFile; fileRef = 682BCEFC233194990086FAA4 /* SetButtons.swift */; };
		682BCF012331949A0086FAA4 /* SettingsViewController.swift in Sources */ = {isa = PBXBuildFile; fileRef = 682BCEFD233194990086FAA4 /* SettingsViewController.swift */; };
		682BCF022331949A0086FAA4 /* AboutViewController.swift in Sources */ = {isa = PBXBuildFile; fileRef = 682BCEFE2331949A0086FAA4 /* AboutViewController.swift */; };
		682BCF032331949A0086FAA4 /* MainViewController.swift in Sources */ = {isa = PBXBuildFile; fileRef = 682BCEFF2331949A0086FAA4 /* MainViewController.swift */; };
		682CF2A22243B15700207563 /* Gist.swift in Sources */ = {isa = PBXBuildFile; fileRef = 682CF2A12243B15700207563 /* Gist.swift */; };
		682CF2A42243B1EE00207563 /* Regex.swift in Sources */ = {isa = PBXBuildFile; fileRef = 682CF2A32243B1EE00207563 /* Regex.swift */; };
		682D03CB2283DA5D00F97BEA /* JASON.framework in Frameworks */ = {isa = PBXBuildFile; fileRef = 682D03CA2283DA5D00F97BEA /* JASON.framework */; };
		682D03CD2283DA8900F97BEA /* StudIOPackageReader.swift in Sources */ = {isa = PBXBuildFile; fileRef = 682D03CC2283DA8900F97BEA /* StudIOPackageReader.swift */; };
		6835AEEE2221188300A0C379 /* QuickActions.swift in Sources */ = {isa = PBXBuildFile; fileRef = 6835AEED2221188300A0C379 /* QuickActions.swift */; };
		6835AEF022211F3100A0C379 /* RootVC.swift in Sources */ = {isa = PBXBuildFile; fileRef = 6835AEEF22211F3100A0C379 /* RootVC.swift */; };
		6835AEF82221260900A0C379 /* Language.strings in Resources */ = {isa = PBXBuildFile; fileRef = 6835AEFA2221260900A0C379 /* Language.strings */; };
		6835AEFE2221273D00A0C379 /* Localize.swift in Sources */ = {isa = PBXBuildFile; fileRef = 6835AEFD2221273D00A0C379 /* Localize.swift */; };
		6835AEFF22212AE100A0C379 /* Projects.storyboard in Resources */ = {isa = PBXBuildFile; fileRef = 6835AF0122212AE100A0C379 /* Projects.storyboard */; };
		6838E26422477DDB00BF1A44 /* Services.swift in Sources */ = {isa = PBXBuildFile; fileRef = 6838E26322477DDB00BF1A44 /* Services.swift */; };
		683CF2652247A9D400EB75FC /* GitLab.swift in Sources */ = {isa = PBXBuildFile; fileRef = 683CF2642247A9D400EB75FC /* GitLab.swift */; };
		683CF2672248F81900EB75FC /* Obfuscator.swift in Sources */ = {isa = PBXBuildFile; fileRef = 683CF2662248F81900EB75FC /* Obfuscator.swift */; };
		684549C421CE218F00CF5E80 /* git.storyboard in Resources */ = {isa = PBXBuildFile; fileRef = 684549C321CE218F00CF5E80 /* git.storyboard */; };
		684549C621CE247B00CF5E80 /* UIImage.swift in Sources */ = {isa = PBXBuildFile; fileRef = 684549C521CE247B00CF5E80 /* UIImage.swift */; };
		684549C921CE27EE00CF5E80 /* GitVC.swift in Sources */ = {isa = PBXBuildFile; fileRef = 684549C821CE27EE00CF5E80 /* GitVC.swift */; };
		6845D0A72265E0730008150D /* SmartKeyboard.swift in Sources */ = {isa = PBXBuildFile; fileRef = 6845D0A62265E0730008150D /* SmartKeyboard.swift */; };
		684F81BB220F03B60003B845 /* SliderCell.swift in Sources */ = {isa = PBXBuildFile; fileRef = 684F81BA220F03B60003B845 /* SliderCell.swift */; };
		684F81BD220F03D90003B845 /* StepperCell.swift in Sources */ = {isa = PBXBuildFile; fileRef = 684F81BC220F03D90003B845 /* StepperCell.swift */; };
		684F81BF220F03F30003B845 /* TextFieldCell.swift in Sources */ = {isa = PBXBuildFile; fileRef = 684F81BE220F03F30003B845 /* TextFieldCell.swift */; };
		6852C24C21BB53BA00FA40DC /* Editor.xib in Resources */ = {isa = PBXBuildFile; fileRef = 6852C24B21BB53BA00FA40DC /* Editor.xib */; };
		6852C24E21BB542000FA40DC /* Editor.swift in Sources */ = {isa = PBXBuildFile; fileRef = 6852C24D21BB542000FA40DC /* Editor.swift */; };
		6856C79F21B23E3800441767 /* FileCell.swift in Sources */ = {isa = PBXBuildFile; fileRef = 6856C79E21B23E3800441767 /* FileCell.swift */; };
		6856C7A121B249FB00441767 /* Icons.plist in Resources */ = {isa = PBXBuildFile; fileRef = 6856C7A021B249FB00441767 /* Icons.plist */; };
		6856C7A321B2586500441767 /* opicons.ttf in Resources */ = {isa = PBXBuildFile; fileRef = 6856C7A221B2509400441767 /* opicons.ttf */; };
		6856C7A421B2586700441767 /* file-icons.ttf in Resources */ = {isa = PBXBuildFile; fileRef = 6856C79C21B23DC300441767 /* file-icons.ttf */; };
		6856C7AB21B2788900441767 /* ProjectVC.swift in Sources */ = {isa = PBXBuildFile; fileRef = 6856C7AA21B2788900441767 /* ProjectVC.swift */; };
		6856C7AF21B2797200441767 /* Project.swift in Sources */ = {isa = PBXBuildFile; fileRef = 6856C7AE21B2797200441767 /* Project.swift */; };
		6856C7B221B27A8000441767 /* ProjectCell.swift in Sources */ = {isa = PBXBuildFile; fileRef = 6856C7B121B27A8000441767 /* ProjectCell.swift */; };
		6858042B22AE6BD800F97488 /* Down.framework in Frameworks */ = {isa = PBXBuildFile; fileRef = 6858042A22AE6BD800F97488 /* Down.framework */; };
		68605ED8232AEC3800077898 /* NotificationService.swift in Sources */ = {isa = PBXBuildFile; fileRef = 68605ED7232AEC3800077898 /* NotificationService.swift */; };
		68605EDC232AEC3800077898 /* OneSignalNotificationServiceExtension.appex in Embed App Extensions */ = {isa = PBXBuildFile; fileRef = 68605ED5232AEC3800077898 /* OneSignalNotificationServiceExtension.appex */; settings = {ATTRIBUTES = (RemoveHeadersOnCopy, ); }; };
		68605EE2232AEE2D00077898 /* OneSignal.framework in Frameworks */ = {isa = PBXBuildFile; fileRef = 68605EE1232AEE2D00077898 /* OneSignal.framework */; };
		68605EE5232AEEB200077898 /* OneSignal.framework in Frameworks */ = {isa = PBXBuildFile; fileRef = 68605EE1232AEE2D00077898 /* OneSignal.framework */; };
		6863564222B4FC0E007DB829 /* Spinner.swift in Sources */ = {isa = PBXBuildFile; fileRef = 6863564122B4FC0E007DB829 /* Spinner.swift */; };
		6863DF8521B3C60400911374 /* FeedBackBLTN.swift in Sources */ = {isa = PBXBuildFile; fileRef = 6863DF8421B3C60400911374 /* FeedBackBLTN.swift */; };
		6863DF8721B3C62C00911374 /* TextFieldBLTN.swift in Sources */ = {isa = PBXBuildFile; fileRef = 6863DF8621B3C62C00911374 /* TextFieldBLTN.swift */; };
		6863DF9121B5496200911374 /* BottomLine.xib in Resources */ = {isa = PBXBuildFile; fileRef = 6863DF9021B5496200911374 /* BottomLine.xib */; };
		6863DF9321B54A9800911374 /* BottomLine.swift in Sources */ = {isa = PBXBuildFile; fileRef = 6863DF9221B54A9800911374 /* BottomLine.swift */; };
		6863DF9521B54C2A00911374 /* date.swift in Sources */ = {isa = PBXBuildFile; fileRef = 6863DF9421B54C2A00911374 /* date.swift */; };
		6863DF9721B68F1700911374 /* EditorSplitVC.swift in Sources */ = {isa = PBXBuildFile; fileRef = 6863DF9621B68F1700911374 /* EditorSplitVC.swift */; };
		686822EE21DB8DCA0036694B /* GitCommit.xib in Resources */ = {isa = PBXBuildFile; fileRef = 686822ED21DB8DCA0036694B /* GitCommit.xib */; };
		686822F021DB8E130036694B /* GitCommit.swift in Sources */ = {isa = PBXBuildFile; fileRef = 686822EF21DB8E130036694B /* GitCommit.swift */; };
		687BA443227719F3007AE0B3 /* CompletionView.swift in Sources */ = {isa = PBXBuildFile; fileRef = 687BA442227719F3007AE0B3 /* CompletionView.swift */; };
		687DA70522127145005491C0 /* PickerViewCell.swift in Sources */ = {isa = PBXBuildFile; fileRef = 687DA70422127145005491C0 /* PickerViewCell.swift */; };
		687EC15B222AB46C00E6B3C3 /* SwiftGit2.framework in Frameworks */ = {isa = PBXBuildFile; fileRef = 687EC15A222AB46C00E6B3C3 /* SwiftGit2.framework */; };
		68838534220FD4D100330B45 /* iCloudFiles.swift in Sources */ = {isa = PBXBuildFile; fileRef = 68838533220FD4D100330B45 /* iCloudFiles.swift */; };
		68879C182261FC7D002EDC5D /* CheatCodeVC.swift in Sources */ = {isa = PBXBuildFile; fileRef = 68879C172261FC7D002EDC5D /* CheatCodeVC.swift */; };
		6890AD31223E42CF00D6EDBD /* ColorSlider.framework in Frameworks */ = {isa = PBXBuildFile; fileRef = 6890AD30223E42CF00D6EDBD /* ColorSlider.framework */; };
		6890AD33223E431700D6EDBD /* NewSnippetVC.swift in Sources */ = {isa = PBXBuildFile; fileRef = 6890AD32223E431700D6EDBD /* NewSnippetVC.swift */; };
		68920FB723B6BDB900AEA330 /* Stickers.xcassets in Resources */ = {isa = PBXBuildFile; fileRef = 68920FB623B6BDB900AEA330 /* Stickers.xcassets */; };
		68920FBB23B6BDB900AEA330 /* StudIO Stickers.appex in Embed App Extensions */ = {isa = PBXBuildFile; fileRef = 68920FB423B6BDAE00AEA330 /* StudIO Stickers.appex */; settings = {ATTRIBUTES = (RemoveHeadersOnCopy, ); }; };
		689BDC1D21B22F7800D88AAB /* AppDelegate.swift in Sources */ = {isa = PBXBuildFile; fileRef = 689BDC1C21B22F7800D88AAB /* AppDelegate.swift */; };
		689BDC1F21B22F7800D88AAB /* WorkingDirMasterVC.swift in Sources */ = {isa = PBXBuildFile; fileRef = 689BDC1E21B22F7800D88AAB /* WorkingDirMasterVC.swift */; };
		689BDC2121B22F7800D88AAB /* WorkingDirDetailVC.swift in Sources */ = {isa = PBXBuildFile; fileRef = 689BDC2021B22F7800D88AAB /* WorkingDirDetailVC.swift */; };
		689BDC2421B22F7800D88AAB /* Main.storyboard in Resources */ = {isa = PBXBuildFile; fileRef = 689BDC2221B22F7800D88AAB /* Main.storyboard */; };
		689BDC2621B22F7C00D88AAB /* Assets.xcassets in Resources */ = {isa = PBXBuildFile; fileRef = 689BDC2521B22F7B00D88AAB /* Assets.xcassets */; };
		689BDC2921B22F7C00D88AAB /* LaunchScreen.storyboard in Resources */ = {isa = PBXBuildFile; fileRef = 689BDC2721B22F7C00D88AAB /* LaunchScreen.storyboard */; };
		68A4BC8E2286DBFA0071ECAF /* Plugin.swift in Sources */ = {isa = PBXBuildFile; fileRef = 68A4BC8D2286DBFA0071ECAF /* Plugin.swift */; };
		68A62CBD223CD46C0040225E /* snippetController.swift in Sources */ = {isa = PBXBuildFile; fileRef = 68A62CBC223CD46B0040225E /* snippetController.swift */; };
		68A62CBF223CFFCB0040225E /* SnippetCell.swift in Sources */ = {isa = PBXBuildFile; fileRef = 68A62CBE223CFFCB0040225E /* SnippetCell.swift */; };
		68A62CC1223D01D20040225E /* Snippet.swift in Sources */ = {isa = PBXBuildFile; fileRef = 68A62CC0223D01D20040225E /* Snippet.swift */; };
		68AE8B88233FD4100029B29A /* MenuDoc.swift in Sources */ = {isa = PBXBuildFile; fileRef = 68AE8B87233FD4100029B29A /* MenuDoc.swift */; };
		68AE8B8A233FD4990029B29A /* ResultsTableController.swift in Sources */ = {isa = PBXBuildFile; fileRef = 68AE8B89233FD4990029B29A /* ResultsTableController.swift */; };
		68AE8B8C233FD6FC0029B29A /* TableCell.xib in Resources */ = {isa = PBXBuildFile; fileRef = 68AE8B8B233FD6F50029B29A /* TableCell.xib */; };
		68B4B2D9224F6A4A00036712 /* StudIO_UI_Tests.swift in Sources */ = {isa = PBXBuildFile; fileRef = 68B4B2D8224F6A4A00036712 /* StudIO_UI_Tests.swift */; };
		68B4B2E1224F6A7000036712 /* SnapshotHelper.swift in Sources */ = {isa = PBXBuildFile; fileRef = 68B4B2E0224F6A7000036712 /* SnapshotHelper.swift */; };
		68B5635A222BB8C900B9E0DD /* DropInteraction.swift in Sources */ = {isa = PBXBuildFile; fileRef = 68B56359222BB8C900B9E0DD /* DropInteraction.swift */; };
		68B5635D222BBA7600B9E0DD /* ZipItem.swift in Sources */ = {isa = PBXBuildFile; fileRef = 68B5635C222BBA7600B9E0DD /* ZipItem.swift */; };
		68B5635F222BBB6000B9E0DD /* FolderItem.swift in Sources */ = {isa = PBXBuildFile; fileRef = 68B5635E222BBB6000B9E0DD /* FolderItem.swift */; };
		68B56363222BE87300B9E0DD /* DoubleScreen.swift in Sources */ = {isa = PBXBuildFile; fileRef = 68B56362222BE87300B9E0DD /* DoubleScreen.swift */; };
		68B56365222CB9A800B9E0DD /* Compression.swift in Sources */ = {isa = PBXBuildFile; fileRef = 68B56364222CB9A800B9E0DD /* Compression.swift */; };
		68B56367222CBB2600B9E0DD /* Zip.framework in Frameworks */ = {isa = PBXBuildFile; fileRef = 68B56366222CBB2600B9E0DD /* Zip.framework */; };
		68BD16952211735000C5F321 /* SettingsTableView.swift in Sources */ = {isa = PBXBuildFile; fileRef = 68BD16942211735000C5F321 /* SettingsTableView.swift */; };
		68C2BC03228044480088C39F /* PluginsVC.swift in Sources */ = {isa = PBXBuildFile; fileRef = 68C2BC02228044480088C39F /* PluginsVC.swift */; };
		68C2BC06228044A40088C39F /* PluginsTableView.swift in Sources */ = {isa = PBXBuildFile; fileRef = 68C2BC05228044A40088C39F /* PluginsTableView.swift */; };
		68C2BC09228053B60088C39F /* PluginCell.swift in Sources */ = {isa = PBXBuildFile; fileRef = 68C2BC08228053B60088C39F /* PluginCell.swift */; };
		68C2BC0C2281A7230088C39F /* NewPluginVC.swift in Sources */ = {isa = PBXBuildFile; fileRef = 68C2BC0B2281A7230088C39F /* NewPluginVC.swift */; };
		68CA0D0C22AA632D006A22B1 /* SceneDelegate.swift in Sources */ = {isa = PBXBuildFile; fileRef = 68CA0D0B22AA632D006A22B1 /* SceneDelegate.swift */; };
		68CD1D6422AD0F5B0025999D /* Documentation.storyboard in Resources */ = {isa = PBXBuildFile; fileRef = 68CD1D6322AD0F5B0025999D /* Documentation.storyboard */; };
		68CD1D6722AD12440025999D /* BaseDocTableViewController.swift in Sources */ = {isa = PBXBuildFile; fileRef = 68CD1D6622AD12440025999D /* BaseDocTableViewController.swift */; };
		68CD1D6B22AD12B30025999D /* MarkdownVC.swift in Sources */ = {isa = PBXBuildFile; fileRef = 68CD1D6A22AD12B30025999D /* MarkdownVC.swift */; };
		68CD1D6F22AD23E50025999D /* Articles in Resources */ = {isa = PBXBuildFile; fileRef = 68CD1D6E22AD23E50025999D /* Articles */; };
		68D62A4B223C80B6005EACCB /* SnippetsVC.swift in Sources */ = {isa = PBXBuildFile; fileRef = 68D62A4A223C80B6005EACCB /* SnippetsVC.swift */; };
		68D7C3E32279AA5100DC3853 /* ButttonBorderRadius.swift in Sources */ = {isa = PBXBuildFile; fileRef = 68D7C3E22279AA5100DC3853 /* ButttonBorderRadius.swift */; };
		68DA846422B5EFFD000FAAA2 /* Keychain.swift in Sources */ = {isa = PBXBuildFile; fileRef = 68DA846322B5EFFD000FAAA2 /* Keychain.swift */; };
		68DEC2CB2321B94700DB7BE5 /* Settings.bundle in Resources */ = {isa = PBXBuildFile; fileRef = 68DEC2CA2321B94600DB7BE5 /* Settings.bundle */; };
		68E2332C2288099600ACFE0E /* PluginImpactor.swift in Sources */ = {isa = PBXBuildFile; fileRef = 68E2332B2288099600ACFE0E /* PluginImpactor.swift */; };
		68E329D421D9223700231CFC /* ViewControllers.swift in Sources */ = {isa = PBXBuildFile; fileRef = 68E329D321D9223700231CFC /* ViewControllers.swift */; };
		68E4544A21C1276B00F945A0 /* CellStruct.swift in Sources */ = {isa = PBXBuildFile; fileRef = 68E4544921C1276B00F945A0 /* CellStruct.swift */; };
		68E4544C21C127F400F945A0 /* LoadFiles.swift in Sources */ = {isa = PBXBuildFile; fileRef = 68E4544B21C127F400F945A0 /* LoadFiles.swift */; };
		68E4544E21C276CB00F945A0 /* CreateFile.swift in Sources */ = {isa = PBXBuildFile; fileRef = 68E4544D21C276CB00F945A0 /* CreateFile.swift */; };
		68E59355223FA68D008C86C7 /* textField.swift in Sources */ = {isa = PBXBuildFile; fileRef = 68E59354223FA68D008C86C7 /* textField.swift */; };
		68E59357223FAEB9008C86C7 /* colors.swift in Sources */ = {isa = PBXBuildFile; fileRef = 68E59356223FAEB9008C86C7 /* colors.swift */; };
		68E64F4B237B8CF6000D0AFB /* CommandViewController.swift in Sources */ = {isa = PBXBuildFile; fileRef = 68E64F47237B8CF6000D0AFB /* CommandViewController.swift */; };
		68E64F4D237B8CF6000D0AFB /* LoginViewController.swift in Sources */ = {isa = PBXBuildFile; fileRef = 68E64F49237B8CF6000D0AFB /* LoginViewController.swift */; };
		68E64F4E237B8CF6000D0AFB /* ShellViewController.swift in Sources */ = {isa = PBXBuildFile; fileRef = 68E64F4A237B8CF6000D0AFB /* ShellViewController.swift */; };
		68E64F50237B8D13000D0AFB /* SSHMainVC.swift in Sources */ = {isa = PBXBuildFile; fileRef = 68E64F4F237B8D13000D0AFB /* SSHMainVC.swift */; };
		68F65C952310AC99001602AD /* MFixx.ttf in Resources */ = {isa = PBXBuildFile; fileRef = 68F65C942310AC99001602AD /* MFixx.ttf */; };
		68F9BA022378E7C400C81974 /* SwiftSH.framework in Frameworks */ = {isa = PBXBuildFile; fileRef = 68F9BA012378E7C400C81974 /* SwiftSH.framework */; };
/* End PBXBuildFile section */

/* Begin PBXContainerItemProxy section */
		68605EDA232AEC3800077898 /* PBXContainerItemProxy */ = {
			isa = PBXContainerItemProxy;
			containerPortal = 689BDC1121B22F7800D88AAB /* Project object */;
			proxyType = 1;
			remoteGlobalIDString = 68605ED4232AEC3800077898;
			remoteInfo = OneSignalNotificationServiceExtension;
		};
		68920FB923B6BDB900AEA330 /* PBXContainerItemProxy */ = {
			isa = PBXContainerItemProxy;
			containerPortal = 689BDC1121B22F7800D88AAB /* Project object */;
			proxyType = 1;
			remoteGlobalIDString = 68920FB323B6BDAE00AEA330;
			remoteInfo = "StudIO Stickers";
		};
		68B4B2DB224F6A4A00036712 /* PBXContainerItemProxy */ = {
			isa = PBXContainerItemProxy;
			containerPortal = 689BDC1121B22F7800D88AAB /* Project object */;
			proxyType = 1;
			remoteGlobalIDString = 689BDC1821B22F7800D88AAB;
			remoteInfo = StudIO;
		};
/* End PBXContainerItemProxy section */

/* Begin PBXCopyFilesBuildPhase section */
		68605EDD232AEC3800077898 /* Embed App Extensions */ = {
			isa = PBXCopyFilesBuildPhase;
			buildActionMask = 2147483647;
			dstPath = "";
			dstSubfolderSpec = 13;
			files = (
				68605EDC232AEC3800077898 /* OneSignalNotificationServiceExtension.appex in Embed App Extensions */,
				68920FBB23B6BDB900AEA330 /* StudIO Stickers.appex in Embed App Extensions */,
			);
			name = "Embed App Extensions";
			runOnlyForDeploymentPostprocessing = 0;
		};
/* End PBXCopyFilesBuildPhase section */

/* Begin PBXFileReference section */
		6802069C21C6469C000686D1 /* Data.swift */ = {isa = PBXFileReference; lastKnownFileType = sourcecode.swift; path = Data.swift; sourceTree = "<group>"; };
		68040211220EC67500789453 /* BLTNBoard.framework */ = {isa = PBXFileReference; lastKnownFileType = wrapper.framework; name = BLTNBoard.framework; path = Carthage/Build/iOS/BLTNBoard.framework; sourceTree = "<group>"; };
		68040214220EC67800789453 /* ObjectiveGit.framework */ = {isa = PBXFileReference; lastKnownFileType = wrapper.framework; name = ObjectiveGit.framework; path = Carthage/Build/iOS/ObjectiveGit.framework; sourceTree = "<group>"; };
		68058E5721C7AFCB0088334E /* TableViewExtension.swift */ = {isa = PBXFileReference; lastKnownFileType = sourcecode.swift; path = TableViewExtension.swift; sourceTree = "<group>"; };
		6808B18021BD1D8200811058 /* Files.swift */ = {isa = PBXFileReference; lastKnownFileType = sourcecode.swift; path = Files.swift; sourceTree = "<group>"; };
		6808B18221BD1E5200811058 /* FileProjects.swift */ = {isa = PBXFileReference; lastKnownFileType = sourcecode.swift; path = FileProjects.swift; sourceTree = "<group>"; };
		680CEDC42261FE2F007AFEE0 /* Cht.swift */ = {isa = PBXFileReference; lastKnownFileType = sourcecode.swift; path = Cht.swift; sourceTree = "<group>"; };
		6813ED4E21FDC29B007FC120 /* Alert.swift */ = {isa = PBXFileReference; lastKnownFileType = sourcecode.swift; path = Alert.swift; sourceTree = "<group>"; };
		68162E8721BBE11200CDA628 /* EditorView */ = {isa = PBXFileReference; lastKnownFileType = folder; path = EditorView; sourceTree = "<group>"; };
		68190016220EE346003E0972 /* SettingsVC.swift */ = {isa = PBXFileReference; lastKnownFileType = sourcecode.swift; path = SettingsVC.swift; sourceTree = "<group>"; };
		681D9F7521E604C90054CC5E /* PullPush.swift */ = {isa = PBXFileReference; lastKnownFileType = sourcecode.swift; path = PullPush.swift; sourceTree = "<group>"; };
		681DF619227ECB8700023DD9 /* SmallCompleletionCell.swift */ = {isa = PBXFileReference; lastKnownFileType = sourcecode.swift; path = SmallCompleletionCell.swift; sourceTree = "<group>"; };
		681DF61B227ECB9B00023DD9 /* LargeCompleletionCell.swift */ = {isa = PBXFileReference; lastKnownFileType = sourcecode.swift; path = LargeCompleletionCell.swift; sourceTree = "<group>"; };
		681DF61D227ECBEB00023DD9 /* CompletionFeature.swift */ = {isa = PBXFileReference; lastKnownFileType = sourcecode.swift; path = CompletionFeature.swift; sourceTree = "<group>"; };
		682BCEE3233193890086FAA4 /* GameVC.swift */ = {isa = PBXFileReference; lastKnownFileType = sourcecode.swift; path = GameVC.swift; sourceTree = "<group>"; };
		682BCEE5233193A80086FAA4 /* AudioPlayer.swift */ = {isa = PBXFileReference; lastKnownFileType = sourcecode.swift; path = AudioPlayer.swift; sourceTree = "<group>"; };
		682BCEE7233193D20086FAA4 /* GameScene.swift */ = {isa = PBXFileReference; lastKnownFileType = sourcecode.swift; path = GameScene.swift; sourceTree = "<group>"; };
		682BCEE9233193F60086FAA4 /* Actions.sks */ = {isa = PBXFileReference; lastKnownFileType = file.sks; path = Actions.sks; sourceTree = "<group>"; };
		682BCEEA233193F70086FAA4 /* GameScene.sks */ = {isa = PBXFileReference; lastKnownFileType = file.sks; path = GameScene.sks; sourceTree = "<group>"; };
		682BCEED233194360086FAA4 /* Game.storyboard */ = {isa = PBXFileReference; fileEncoding = 4; lastKnownFileType = file.storyboard; path = Game.storyboard; sourceTree = "<group>"; };
		682BCEF0233194720086FAA4 /* impact1.mp3 */ = {isa = PBXFileReference; lastKnownFileType = audio.mp3; path = impact1.mp3; sourceTree = "<group>"; };
		682BCEF1233194720086FAA4 /* The_Tesseract.mp3 */ = {isa = PBXFileReference; lastKnownFileType = audio.mp3; path = The_Tesseract.mp3; sourceTree = "<group>"; };
		682BCEF2233194720086FAA4 /* impact2.mp3 */ = {isa = PBXFileReference; lastKnownFileType = audio.mp3; path = impact2.mp3; sourceTree = "<group>"; };
		682BCEF3233194720086FAA4 /* gameOver.mp3 */ = {isa = PBXFileReference; lastKnownFileType = audio.mp3; path = gameOver.mp3; sourceTree = "<group>"; };
		682BCEF4233194720086FAA4 /* btnTapped.mp3 */ = {isa = PBXFileReference; lastKnownFileType = audio.mp3; path = btnTapped.mp3; sourceTree = "<group>"; };
		682BCEF5233194720086FAA4 /* background.mov */ = {isa = PBXFileReference; lastKnownFileType = video.quicktime; path = background.mov; sourceTree = "<group>"; };
		682BCEFC233194990086FAA4 /* SetButtons.swift */ = {isa = PBXFileReference; fileEncoding = 4; lastKnownFileType = sourcecode.swift; path = SetButtons.swift; sourceTree = "<group>"; };
		682BCEFD233194990086FAA4 /* SettingsViewController.swift */ = {isa = PBXFileReference; fileEncoding = 4; lastKnownFileType = sourcecode.swift; path = SettingsViewController.swift; sourceTree = "<group>"; };
		682BCEFE2331949A0086FAA4 /* AboutViewController.swift */ = {isa = PBXFileReference; fileEncoding = 4; lastKnownFileType = sourcecode.swift; path = AboutViewController.swift; sourceTree = "<group>"; };
		682BCEFF2331949A0086FAA4 /* MainViewController.swift */ = {isa = PBXFileReference; fileEncoding = 4; lastKnownFileType = sourcecode.swift; path = MainViewController.swift; sourceTree = "<group>"; };
		682CF2A12243B15700207563 /* Gist.swift */ = {isa = PBXFileReference; lastKnownFileType = sourcecode.swift; name = Gist.swift; path = StudIO/Extensions/Gist.swift; sourceTree = SOURCE_ROOT; };
		682CF2A32243B1EE00207563 /* Regex.swift */ = {isa = PBXFileReference; lastKnownFileType = sourcecode.swift; path = Regex.swift; sourceTree = "<group>"; };
		682D03CA2283DA5D00F97BEA /* JASON.framework */ = {isa = PBXFileReference; lastKnownFileType = wrapper.framework; name = JASON.framework; path = Carthage/Build/iOS/JASON.framework; sourceTree = "<group>"; };
		682D03CC2283DA8900F97BEA /* StudIOPackageReader.swift */ = {isa = PBXFileReference; lastKnownFileType = sourcecode.swift; path = StudIOPackageReader.swift; sourceTree = "<group>"; };
		6835AEED2221188300A0C379 /* QuickActions.swift */ = {isa = PBXFileReference; lastKnownFileType = sourcecode.swift; path = QuickActions.swift; sourceTree = "<group>"; };
		6835AEEF22211F3100A0C379 /* RootVC.swift */ = {isa = PBXFileReference; lastKnownFileType = sourcecode.swift; path = RootVC.swift; sourceTree = "<group>"; };
		6835AEF92221260900A0C379 /* en */ = {isa = PBXFileReference; lastKnownFileType = text.plist.strings; name = en; path = en.lproj/Language.strings; sourceTree = "<group>"; };
		6835AEFD2221273D00A0C379 /* Localize.swift */ = {isa = PBXFileReference; lastKnownFileType = sourcecode.swift; path = Localize.swift; sourceTree = "<group>"; };
		6835AF0022212AE100A0C379 /* en */ = {isa = PBXFileReference; lastKnownFileType = file.storyboard; name = en; path = en.lproj/Projects.storyboard; sourceTree = "<group>"; };
		6838E26322477DDB00BF1A44 /* Services.swift */ = {isa = PBXFileReference; lastKnownFileType = sourcecode.swift; path = Services.swift; sourceTree = "<group>"; };
		683CF2642247A9D400EB75FC /* GitLab.swift */ = {isa = PBXFileReference; lastKnownFileType = sourcecode.swift; path = GitLab.swift; sourceTree = "<group>"; };
		683CF2662248F81900EB75FC /* Obfuscator.swift */ = {isa = PBXFileReference; lastKnownFileType = sourcecode.swift; path = Obfuscator.swift; sourceTree = "<group>"; };
		684549C321CE218F00CF5E80 /* git.storyboard */ = {isa = PBXFileReference; lastKnownFileType = file.storyboard; path = git.storyboard; sourceTree = "<group>"; };
		684549C521CE247B00CF5E80 /* UIImage.swift */ = {isa = PBXFileReference; lastKnownFileType = sourcecode.swift; path = UIImage.swift; sourceTree = "<group>"; };
		684549C821CE27EE00CF5E80 /* GitVC.swift */ = {isa = PBXFileReference; lastKnownFileType = sourcecode.swift; path = GitVC.swift; sourceTree = "<group>"; };
		6845D0A62265E0730008150D /* SmartKeyboard.swift */ = {isa = PBXFileReference; lastKnownFileType = sourcecode.swift; path = SmartKeyboard.swift; sourceTree = "<group>"; };
		684F81BA220F03B60003B845 /* SliderCell.swift */ = {isa = PBXFileReference; lastKnownFileType = sourcecode.swift; path = SliderCell.swift; sourceTree = "<group>"; };
		684F81BC220F03D90003B845 /* StepperCell.swift */ = {isa = PBXFileReference; lastKnownFileType = sourcecode.swift; path = StepperCell.swift; sourceTree = "<group>"; };
		684F81BE220F03F30003B845 /* TextFieldCell.swift */ = {isa = PBXFileReference; lastKnownFileType = sourcecode.swift; path = TextFieldCell.swift; sourceTree = "<group>"; };
		6852C24B21BB53BA00FA40DC /* Editor.xib */ = {isa = PBXFileReference; lastKnownFileType = file.xib; path = Editor.xib; sourceTree = "<group>"; };
		6852C24D21BB542000FA40DC /* Editor.swift */ = {isa = PBXFileReference; lastKnownFileType = sourcecode.swift; path = Editor.swift; sourceTree = "<group>"; };
		6856C79C21B23DC300441767 /* file-icons.ttf */ = {isa = PBXFileReference; lastKnownFileType = file; path = "file-icons.ttf"; sourceTree = "<group>"; };
		6856C79E21B23E3800441767 /* FileCell.swift */ = {isa = PBXFileReference; lastKnownFileType = sourcecode.swift; path = FileCell.swift; sourceTree = "<group>"; };
		6856C7A021B249FB00441767 /* Icons.plist */ = {isa = PBXFileReference; lastKnownFileType = text.plist.xml; path = Icons.plist; sourceTree = "<group>"; };
		6856C7A221B2509400441767 /* opicons.ttf */ = {isa = PBXFileReference; lastKnownFileType = file; path = opicons.ttf; sourceTree = "<group>"; };
		6856C7A821B2773F00441767 /* octicons.ttf */ = {isa = PBXFileReference; lastKnownFileType = file; path = octicons.ttf; sourceTree = "<group>"; };
		6856C7AA21B2788900441767 /* ProjectVC.swift */ = {isa = PBXFileReference; lastKnownFileType = sourcecode.swift; path = ProjectVC.swift; sourceTree = "<group>"; };
		6856C7AE21B2797200441767 /* Project.swift */ = {isa = PBXFileReference; lastKnownFileType = sourcecode.swift; path = Project.swift; sourceTree = "<group>"; };
		6856C7B121B27A8000441767 /* ProjectCell.swift */ = {isa = PBXFileReference; lastKnownFileType = sourcecode.swift; path = ProjectCell.swift; sourceTree = "<group>"; };
		6858042A22AE6BD800F97488 /* Down.framework */ = {isa = PBXFileReference; lastKnownFileType = wrapper.framework; name = Down.framework; path = Carthage/Build/iOS/Down.framework; sourceTree = "<group>"; };
		68605ED5232AEC3800077898 /* OneSignalNotificationServiceExtension.appex */ = {isa = PBXFileReference; explicitFileType = "wrapper.app-extension"; includeInIndex = 0; path = OneSignalNotificationServiceExtension.appex; sourceTree = BUILT_PRODUCTS_DIR; };
		68605ED7232AEC3800077898 /* NotificationService.swift */ = {isa = PBXFileReference; lastKnownFileType = sourcecode.swift; path = NotificationService.swift; sourceTree = "<group>"; };
		68605ED9232AEC3800077898 /* Info.plist */ = {isa = PBXFileReference; lastKnownFileType = text.plist.xml; path = Info.plist; sourceTree = "<group>"; };
		68605EE1232AEE2D00077898 /* OneSignal.framework */ = {isa = PBXFileReference; lastKnownFileType = wrapper.framework; name = OneSignal.framework; path = Carthage/Build/iOS/OneSignal.framework; sourceTree = "<group>"; };
		6863564122B4FC0E007DB829 /* Spinner.swift */ = {isa = PBXFileReference; lastKnownFileType = sourcecode.swift; path = Spinner.swift; sourceTree = "<group>"; };
		6863DF8421B3C60400911374 /* FeedBackBLTN.swift */ = {isa = PBXFileReference; lastKnownFileType = sourcecode.swift; path = FeedBackBLTN.swift; sourceTree = "<group>"; };
		6863DF8621B3C62C00911374 /* TextFieldBLTN.swift */ = {isa = PBXFileReference; lastKnownFileType = sourcecode.swift; path = TextFieldBLTN.swift; sourceTree = "<group>"; };
		6863DF8821B3FABB00911374 /* StudIO.entitlements */ = {isa = PBXFileReference; lastKnownFileType = text.plist.entitlements; path = StudIO.entitlements; sourceTree = "<group>"; };
		6863DF9021B5496200911374 /* BottomLine.xib */ = {isa = PBXFileReference; lastKnownFileType = file.xib; path = BottomLine.xib; sourceTree = "<group>"; };
		6863DF9221B54A9800911374 /* BottomLine.swift */ = {isa = PBXFileReference; lastKnownFileType = sourcecode.swift; path = BottomLine.swift; sourceTree = "<group>"; };
		6863DF9421B54C2A00911374 /* date.swift */ = {isa = PBXFileReference; lastKnownFileType = sourcecode.swift; path = date.swift; sourceTree = "<group>"; };
		6863DF9621B68F1700911374 /* EditorSplitVC.swift */ = {isa = PBXFileReference; lastKnownFileType = sourcecode.swift; path = EditorSplitVC.swift; sourceTree = "<group>"; };
		686822ED21DB8DCA0036694B /* GitCommit.xib */ = {isa = PBXFileReference; lastKnownFileType = file.xib; path = GitCommit.xib; sourceTree = "<group>"; };
		686822EF21DB8E130036694B /* GitCommit.swift */ = {isa = PBXFileReference; lastKnownFileType = sourcecode.swift; path = GitCommit.swift; sourceTree = "<group>"; };
		6872862B21D29DE2003F1073 /* Header.h */ = {isa = PBXFileReference; lastKnownFileType = sourcecode.c.h; path = Header.h; sourceTree = "<group>"; };
		687BA442227719F3007AE0B3 /* CompletionView.swift */ = {isa = PBXFileReference; lastKnownFileType = sourcecode.swift; path = CompletionView.swift; sourceTree = "<group>"; };
		687DA70422127145005491C0 /* PickerViewCell.swift */ = {isa = PBXFileReference; lastKnownFileType = sourcecode.swift; path = PickerViewCell.swift; sourceTree = "<group>"; };
		687EC15A222AB46C00E6B3C3 /* SwiftGit2.framework */ = {isa = PBXFileReference; lastKnownFileType = wrapper.framework; name = SwiftGit2.framework; path = Carthage/Build/iOS/SwiftGit2.framework; sourceTree = "<group>"; };
		68838533220FD4D100330B45 /* iCloudFiles.swift */ = {isa = PBXFileReference; lastKnownFileType = sourcecode.swift; path = iCloudFiles.swift; sourceTree = "<group>"; };
		68879C172261FC7D002EDC5D /* CheatCodeVC.swift */ = {isa = PBXFileReference; lastKnownFileType = sourcecode.swift; path = CheatCodeVC.swift; sourceTree = "<group>"; };
		6890AD30223E42CF00D6EDBD /* ColorSlider.framework */ = {isa = PBXFileReference; lastKnownFileType = wrapper.framework; name = ColorSlider.framework; path = Carthage/Build/iOS/ColorSlider.framework; sourceTree = "<group>"; };
		6890AD32223E431700D6EDBD /* NewSnippetVC.swift */ = {isa = PBXFileReference; lastKnownFileType = sourcecode.swift; path = NewSnippetVC.swift; sourceTree = "<group>"; };
		68920FB423B6BDAE00AEA330 /* StudIO Stickers.appex */ = {isa = PBXFileReference; explicitFileType = "wrapper.app-extension"; includeInIndex = 0; path = "StudIO Stickers.appex"; sourceTree = BUILT_PRODUCTS_DIR; };
		68920FB623B6BDB900AEA330 /* Stickers.xcassets */ = {isa = PBXFileReference; lastKnownFileType = folder.assetcatalog; path = Stickers.xcassets; sourceTree = "<group>"; };
		68920FB823B6BDB900AEA330 /* Info.plist */ = {isa = PBXFileReference; lastKnownFileType = text.plist.xml; path = Info.plist; sourceTree = "<group>"; };
		689BDC1921B22F7800D88AAB /* StudIO.app */ = {isa = PBXFileReference; explicitFileType = wrapper.application; includeInIndex = 0; path = StudIO.app; sourceTree = BUILT_PRODUCTS_DIR; };
		689BDC1C21B22F7800D88AAB /* AppDelegate.swift */ = {isa = PBXFileReference; lastKnownFileType = sourcecode.swift; path = AppDelegate.swift; sourceTree = "<group>"; };
		689BDC1E21B22F7800D88AAB /* WorkingDirMasterVC.swift */ = {isa = PBXFileReference; lastKnownFileType = sourcecode.swift; path = WorkingDirMasterVC.swift; sourceTree = "<group>"; };
		689BDC2021B22F7800D88AAB /* WorkingDirDetailVC.swift */ = {isa = PBXFileReference; lastKnownFileType = sourcecode.swift; path = WorkingDirDetailVC.swift; sourceTree = "<group>"; };
		689BDC2321B22F7800D88AAB /* Base */ = {isa = PBXFileReference; lastKnownFileType = file.storyboard; name = Base; path = Base.lproj/Main.storyboard; sourceTree = "<group>"; };
		689BDC2521B22F7B00D88AAB /* Assets.xcassets */ = {isa = PBXFileReference; lastKnownFileType = folder.assetcatalog; path = Assets.xcassets; sourceTree = "<group>"; };
		689BDC2821B22F7C00D88AAB /* Base */ = {isa = PBXFileReference; lastKnownFileType = file.storyboard; name = Base; path = Base.lproj/LaunchScreen.storyboard; sourceTree = "<group>"; };
		689BDC2A21B22F7C00D88AAB /* Info.plist */ = {isa = PBXFileReference; lastKnownFileType = text.plist.xml; path = Info.plist; sourceTree = "<group>"; };
		68A4BC8D2286DBFA0071ECAF /* Plugin.swift */ = {isa = PBXFileReference; lastKnownFileType = sourcecode.swift; path = Plugin.swift; sourceTree = "<group>"; };
		68A62CBC223CD46B0040225E /* snippetController.swift */ = {isa = PBXFileReference; lastKnownFileType = sourcecode.swift; path = snippetController.swift; sourceTree = "<group>"; };
		68A62CBE223CFFCB0040225E /* SnippetCell.swift */ = {isa = PBXFileReference; lastKnownFileType = sourcecode.swift; path = SnippetCell.swift; sourceTree = "<group>"; };
		68A62CC0223D01D20040225E /* Snippet.swift */ = {isa = PBXFileReference; lastKnownFileType = sourcecode.swift; path = Snippet.swift; sourceTree = "<group>"; };
		68AE8B87233FD4100029B29A /* MenuDoc.swift */ = {isa = PBXFileReference; lastKnownFileType = sourcecode.swift; path = MenuDoc.swift; sourceTree = "<group>"; };
		68AE8B89233FD4990029B29A /* ResultsTableController.swift */ = {isa = PBXFileReference; fileEncoding = 4; lastKnownFileType = sourcecode.swift; path = ResultsTableController.swift; sourceTree = "<group>"; };
		68AE8B8B233FD6F50029B29A /* TableCell.xib */ = {isa = PBXFileReference; lastKnownFileType = file.xib; path = TableCell.xib; sourceTree = "<group>"; };
		68B4B2D6224F6A4A00036712 /* StudIO UI Tests.xctest */ = {isa = PBXFileReference; explicitFileType = wrapper.cfbundle; includeInIndex = 0; path = "StudIO UI Tests.xctest"; sourceTree = BUILT_PRODUCTS_DIR; };
		68B4B2D8224F6A4A00036712 /* StudIO_UI_Tests.swift */ = {isa = PBXFileReference; lastKnownFileType = sourcecode.swift; path = StudIO_UI_Tests.swift; sourceTree = "<group>"; };
		68B4B2DA224F6A4A00036712 /* Info.plist */ = {isa = PBXFileReference; lastKnownFileType = text.plist.xml; path = Info.plist; sourceTree = "<group>"; };
		68B4B2E0224F6A7000036712 /* SnapshotHelper.swift */ = {isa = PBXFileReference; fileEncoding = 4; lastKnownFileType = sourcecode.swift; name = SnapshotHelper.swift; path = fastlane/SnapshotHelper.swift; sourceTree = SOURCE_ROOT; };
		68B56359222BB8C900B9E0DD /* DropInteraction.swift */ = {isa = PBXFileReference; lastKnownFileType = sourcecode.swift; path = DropInteraction.swift; sourceTree = "<group>"; };
		68B5635C222BBA7600B9E0DD /* ZipItem.swift */ = {isa = PBXFileReference; lastKnownFileType = sourcecode.swift; path = ZipItem.swift; sourceTree = "<group>"; };
		68B5635E222BBB6000B9E0DD /* FolderItem.swift */ = {isa = PBXFileReference; lastKnownFileType = sourcecode.swift; path = FolderItem.swift; sourceTree = "<group>"; };
		68B56362222BE87300B9E0DD /* DoubleScreen.swift */ = {isa = PBXFileReference; lastKnownFileType = sourcecode.swift; path = DoubleScreen.swift; sourceTree = "<group>"; };
		68B56364222CB9A800B9E0DD /* Compression.swift */ = {isa = PBXFileReference; lastKnownFileType = sourcecode.swift; path = Compression.swift; sourceTree = "<group>"; };
		68B56366222CBB2600B9E0DD /* Zip.framework */ = {isa = PBXFileReference; lastKnownFileType = wrapper.framework; name = Zip.framework; path = Carthage/Build/iOS/Zip.framework; sourceTree = "<group>"; };
		68BD16942211735000C5F321 /* SettingsTableView.swift */ = {isa = PBXFileReference; lastKnownFileType = sourcecode.swift; path = SettingsTableView.swift; sourceTree = "<group>"; };
		68C2BC02228044480088C39F /* PluginsVC.swift */ = {isa = PBXFileReference; lastKnownFileType = sourcecode.swift; path = PluginsVC.swift; sourceTree = "<group>"; };
		68C2BC05228044A40088C39F /* PluginsTableView.swift */ = {isa = PBXFileReference; lastKnownFileType = sourcecode.swift; path = PluginsTableView.swift; sourceTree = "<group>"; };
		68C2BC08228053B60088C39F /* PluginCell.swift */ = {isa = PBXFileReference; lastKnownFileType = sourcecode.swift; path = PluginCell.swift; sourceTree = "<group>"; };
		68C2BC0B2281A7230088C39F /* NewPluginVC.swift */ = {isa = PBXFileReference; lastKnownFileType = sourcecode.swift; path = NewPluginVC.swift; sourceTree = "<group>"; };
		68CA0D0B22AA632D006A22B1 /* SceneDelegate.swift */ = {isa = PBXFileReference; lastKnownFileType = sourcecode.swift; path = SceneDelegate.swift; sourceTree = "<group>"; };
		68CD1D6322AD0F5B0025999D /* Documentation.storyboard */ = {isa = PBXFileReference; lastKnownFileType = file.storyboard; path = Documentation.storyboard; sourceTree = "<group>"; };
		68CD1D6622AD12440025999D /* BaseDocTableViewController.swift */ = {isa = PBXFileReference; lastKnownFileType = sourcecode.swift; path = BaseDocTableViewController.swift; sourceTree = "<group>"; };
		68CD1D6A22AD12B30025999D /* MarkdownVC.swift */ = {isa = PBXFileReference; lastKnownFileType = sourcecode.swift; path = MarkdownVC.swift; sourceTree = "<group>"; };
		68CD1D6E22AD23E50025999D /* Articles */ = {isa = PBXFileReference; lastKnownFileType = folder; path = Articles; sourceTree = "<group>"; };
		68D62A4A223C80B6005EACCB /* SnippetsVC.swift */ = {isa = PBXFileReference; lastKnownFileType = sourcecode.swift; path = SnippetsVC.swift; sourceTree = "<group>"; };
		68D7C3E22279AA5100DC3853 /* ButttonBorderRadius.swift */ = {isa = PBXFileReference; lastKnownFileType = sourcecode.swift; path = ButttonBorderRadius.swift; sourceTree = "<group>"; };
		68DA846322B5EFFD000FAAA2 /* Keychain.swift */ = {isa = PBXFileReference; lastKnownFileType = sourcecode.swift; path = Keychain.swift; sourceTree = "<group>"; };
		68DEC2CA2321B94600DB7BE5 /* Settings.bundle */ = {isa = PBXFileReference; lastKnownFileType = "wrapper.plug-in"; path = Settings.bundle; sourceTree = "<group>"; };
		68E2332B2288099600ACFE0E /* PluginImpactor.swift */ = {isa = PBXFileReference; lastKnownFileType = sourcecode.swift; path = PluginImpactor.swift; sourceTree = "<group>"; };
		68E329D321D9223700231CFC /* ViewControllers.swift */ = {isa = PBXFileReference; lastKnownFileType = sourcecode.swift; path = ViewControllers.swift; sourceTree = "<group>"; };
		68E4544921C1276B00F945A0 /* CellStruct.swift */ = {isa = PBXFileReference; lastKnownFileType = sourcecode.swift; path = CellStruct.swift; sourceTree = "<group>"; };
		68E4544B21C127F400F945A0 /* LoadFiles.swift */ = {isa = PBXFileReference; lastKnownFileType = sourcecode.swift; path = LoadFiles.swift; sourceTree = "<group>"; };
		68E4544D21C276CB00F945A0 /* CreateFile.swift */ = {isa = PBXFileReference; lastKnownFileType = sourcecode.swift; path = CreateFile.swift; sourceTree = "<group>"; };
		68E59354223FA68D008C86C7 /* textField.swift */ = {isa = PBXFileReference; lastKnownFileType = sourcecode.swift; path = textField.swift; sourceTree = "<group>"; };
		68E59356223FAEB9008C86C7 /* colors.swift */ = {isa = PBXFileReference; lastKnownFileType = sourcecode.swift; path = colors.swift; sourceTree = "<group>"; };
		68E64F47237B8CF6000D0AFB /* CommandViewController.swift */ = {isa = PBXFileReference; fileEncoding = 4; lastKnownFileType = sourcecode.swift; path = CommandViewController.swift; sourceTree = "<group>"; };
		68E64F49237B8CF6000D0AFB /* LoginViewController.swift */ = {isa = PBXFileReference; fileEncoding = 4; lastKnownFileType = sourcecode.swift; path = LoginViewController.swift; sourceTree = "<group>"; };
		68E64F4A237B8CF6000D0AFB /* ShellViewController.swift */ = {isa = PBXFileReference; fileEncoding = 4; lastKnownFileType = sourcecode.swift; path = ShellViewController.swift; sourceTree = "<group>"; };
		68E64F4F237B8D13000D0AFB /* SSHMainVC.swift */ = {isa = PBXFileReference; fileEncoding = 4; lastKnownFileType = sourcecode.swift; path = SSHMainVC.swift; sourceTree = "<group>"; };
		68F65C942310AC99001602AD /* MFixx.ttf */ = {isa = PBXFileReference; lastKnownFileType = file; path = MFixx.ttf; sourceTree = "<group>"; };
		68F9BA012378E7C400C81974 /* SwiftSH.framework */ = {isa = PBXFileReference; lastKnownFileType = wrapper.framework; name = SwiftSH.framework; path = Carthage/Build/iOS/SwiftSH.framework; sourceTree = "<group>"; };
/* End PBXFileReference section */

/* Begin PBXFrameworksBuildPhase section */
		68605ED2232AEC3800077898 /* Frameworks */ = {
			isa = PBXFrameworksBuildPhase;
			buildActionMask = 2147483647;
			files = (
				68605EE5232AEEB200077898 /* OneSignal.framework in Frameworks */,
			);
			runOnlyForDeploymentPostprocessing = 0;
		};
		689BDC1621B22F7800D88AAB /* Frameworks */ = {
			isa = PBXFrameworksBuildPhase;
			buildActionMask = 2147483647;
			files = (
				682D03CB2283DA5D00F97BEA /* JASON.framework in Frameworks */,
				6890AD31223E42CF00D6EDBD /* ColorSlider.framework in Frameworks */,
				68B56367222CBB2600B9E0DD /* Zip.framework in Frameworks */,
				6858042B22AE6BD800F97488 /* Down.framework in Frameworks */,
				687EC15B222AB46C00E6B3C3 /* SwiftGit2.framework in Frameworks */,
				68244C0E23D1157800F50B5C /* ExceptionCatcher in Frameworks */,
				68040217220EC67800789453 /* ObjectiveGit.framework in Frameworks */,
				68F9BA022378E7C400C81974 /* SwiftSH.framework in Frameworks */,
				68040212220EC67500789453 /* BLTNBoard.framework in Frameworks */,
				68605EE2232AEE2D00077898 /* OneSignal.framework in Frameworks */,
			);
			runOnlyForDeploymentPostprocessing = 0;
		};
		68B4B2D3224F6A4A00036712 /* Frameworks */ = {
			isa = PBXFrameworksBuildPhase;
			buildActionMask = 2147483647;
			files = (
			);
			runOnlyForDeploymentPostprocessing = 0;
		};
/* End PBXFrameworksBuildPhase section */

/* Begin PBXGroup section */
		68040210220EC67500789453 /* Frameworks */ = {
			isa = PBXGroup;
			children = (
				68F9BA012378E7C400C81974 /* SwiftSH.framework */,
				68605EE1232AEE2D00077898 /* OneSignal.framework */,
				6858042A22AE6BD800F97488 /* Down.framework */,
				682D03CA2283DA5D00F97BEA /* JASON.framework */,
				6890AD30223E42CF00D6EDBD /* ColorSlider.framework */,
				68B56366222CBB2600B9E0DD /* Zip.framework */,
				687EC15A222AB46C00E6B3C3 /* SwiftGit2.framework */,
				68040214220EC67800789453 /* ObjectiveGit.framework */,
				68040211220EC67500789453 /* BLTNBoard.framework */,
			);
			name = Frameworks;
			sourceTree = "<group>";
		};
		68162E8621BBCD4400CDA628 /* CodeMirror */ = {
			isa = PBXGroup;
			children = (
				68162E8721BBE11200CDA628 /* EditorView */,
			);
			path = CodeMirror;
			sourceTree = "<group>";
		};
		68190015220EE331003E0972 /* Settings */ = {
			isa = PBXGroup;
			children = (
				684F81B9220F03900003B845 /* Cells */,
				68BD16932211733200C5F321 /* Table */,
				68190016220EE346003E0972 /* SettingsVC.swift */,
			);
			path = Settings;
			sourceTree = "<group>";
		};
		682BCEE22331935D0086FAA4 /* Easter Egg */ = {
			isa = PBXGroup;
			children = (
				682BCEEF233194720086FAA4 /* audio */,
				682BCEED233194360086FAA4 /* Game.storyboard */,
				682BCEE9233193F60086FAA4 /* Actions.sks */,
				682BCEEA233193F70086FAA4 /* GameScene.sks */,
				682BCEE3233193890086FAA4 /* GameVC.swift */,
				682BCEE5233193A80086FAA4 /* AudioPlayer.swift */,
				682BCEE7233193D20086FAA4 /* GameScene.swift */,
				682BCEFE2331949A0086FAA4 /* AboutViewController.swift */,
				682BCEFF2331949A0086FAA4 /* MainViewController.swift */,
				682BCEFC233194990086FAA4 /* SetButtons.swift */,
				682BCEFD233194990086FAA4 /* SettingsViewController.swift */,
			);
			path = "Easter Egg";
			sourceTree = "<group>";
		};
		682BCEEF233194720086FAA4 /* audio */ = {
			isa = PBXGroup;
			children = (
				682BCEF0233194720086FAA4 /* impact1.mp3 */,
				682BCEF1233194720086FAA4 /* The_Tesseract.mp3 */,
				682BCEF2233194720086FAA4 /* impact2.mp3 */,
				682BCEF3233194720086FAA4 /* gameOver.mp3 */,
				682BCEF4233194720086FAA4 /* btnTapped.mp3 */,
				682BCEF5233194720086FAA4 /* background.mov */,
			);
			path = audio;
			sourceTree = "<group>";
		};
		682CF2A02243B14300207563 /* Snippets Services */ = {
			isa = PBXGroup;
			children = (
				682CF2A12243B15700207563 /* Gist.swift */,
				6838E26322477DDB00BF1A44 /* Services.swift */,
				683CF2642247A9D400EB75FC /* GitLab.swift */,
				680CEDC42261FE2F007AFEE0 /* Cht.swift */,
			);
			path = "Snippets Services";
			sourceTree = "<group>";
		};
		6835AEF1222124ED00A0C379 /* Language */ = {
			isa = PBXGroup;
			children = (
				6835AEFA2221260900A0C379 /* Language.strings */,
				6835AEFD2221273D00A0C379 /* Localize.swift */,
			);
			path = Language;
			sourceTree = "<group>";
		};
		684549C721CE279500CF5E80 /* Git */ = {
			isa = PBXGroup;
			children = (
				6872862A21D29DAE003F1073 /* ObjectiveGit */,
				684549C821CE27EE00CF5E80 /* GitVC.swift */,
			);
			path = Git;
			sourceTree = "<group>";
		};
		684F81B9220F03900003B845 /* Cells */ = {
			isa = PBXGroup;
			children = (
				684F81BC220F03D90003B845 /* StepperCell.swift */,
				684F81BA220F03B60003B845 /* SliderCell.swift */,
				684F81BE220F03F30003B845 /* TextFieldCell.swift */,
				687DA70422127145005491C0 /* PickerViewCell.swift */,
			);
			path = Cells;
			sourceTree = "<group>";
		};
		6856C79821B236B500441767 /* Menus */ = {
			isa = PBXGroup;
			children = (
				6856C79D21B23E1D00441767 /* Components */,
				689BDC1E21B22F7800D88AAB /* WorkingDirMasterVC.swift */,
			);
			path = Menus;
			sourceTree = "<group>";
		};
		6856C79921B236C100441767 /* Editor */ = {
			isa = PBXGroup;
			children = (
				68D62A49223C8046005EACCB /* Snippets */,
				68162E8621BBCD4400CDA628 /* CodeMirror */,
				6863DF8D21B5491A00911374 /* Controllers */,
				6863DF8C21B5490D00911374 /* Interface */,
				689BDC2021B22F7800D88AAB /* WorkingDirDetailVC.swift */,
			);
			path = Editor;
			sourceTree = "<group>";
		};
		6856C79A21B236C900441767 /* Views */ = {
			isa = PBXGroup;
			children = (
				6856C7A521B2732A00441767 /* Components */,
				689BDC2221B22F7800D88AAB /* Main.storyboard */,
				689BDC2721B22F7C00D88AAB /* LaunchScreen.storyboard */,
				6835AF0122212AE100A0C379 /* Projects.storyboard */,
				684549C321CE218F00CF5E80 /* git.storyboard */,
				68CD1D6322AD0F5B0025999D /* Documentation.storyboard */,
			);
			path = Views;
			sourceTree = "<group>";
		};
		6856C79B21B23DAC00441767 /* Assets */ = {
			isa = PBXGroup;
			children = (
				68F65C942310AC99001602AD /* MFixx.ttf */,
				6856C7A821B2773F00441767 /* octicons.ttf */,
				6856C7A221B2509400441767 /* opicons.ttf */,
				6856C79C21B23DC300441767 /* file-icons.ttf */,
				689BDC2521B22F7B00D88AAB /* Assets.xcassets */,
			);
			path = Assets;
			sourceTree = "<group>";
		};
		6856C79D21B23E1D00441767 /* Components */ = {
			isa = PBXGroup;
			children = (
				68E4544621BE83D400F945A0 /* File System */,
				6856C79E21B23E3800441767 /* FileCell.swift */,
				6856C7A021B249FB00441767 /* Icons.plist */,
				68058E5721C7AFCB0088334E /* TableViewExtension.swift */,
				68B56362222BE87300B9E0DD /* DoubleScreen.swift */,
			);
			path = Components;
			sourceTree = "<group>";
		};
		6856C7A521B2732A00441767 /* Components */ = {
			isa = PBXGroup;
			children = (
				6863DF9621B68F1700911374 /* EditorSplitVC.swift */,
			);
			path = Components;
			sourceTree = "<group>";
		};
		6856C7A921B2786D00441767 /* Projects */ = {
			isa = PBXGroup;
			children = (
				68C2BC01228043FD0088C39F /* Plugins */,
				68190015220EE331003E0972 /* Settings */,
				6856C7B021B279FB00441767 /* Components */,
				6856C7AA21B2788900441767 /* ProjectVC.swift */,
				6856C7B121B27A8000441767 /* ProjectCell.swift */,
				6835AEEF22211F3100A0C379 /* RootVC.swift */,
			);
			path = Projects;
			sourceTree = "<group>";
		};
		6856C7B021B279FB00441767 /* Components */ = {
			isa = PBXGroup;
			children = (
				6863DF8321B3C5E000911374 /* Bulletin */,
				6856C7AE21B2797200441767 /* Project.swift */,
				6808B18221BD1E5200811058 /* FileProjects.swift */,
				68B5635B222BBA5D00B9E0DD /* Accepted Files */,
				68B56359222BB8C900B9E0DD /* DropInteraction.swift */,
			);
			path = Components;
			sourceTree = "<group>";
		};
		68605ED6232AEC3800077898 /* OneSignalNotificationServiceExtension */ = {
			isa = PBXGroup;
			children = (
				68605ED7232AEC3800077898 /* NotificationService.swift */,
				68605ED9232AEC3800077898 /* Info.plist */,
			);
			path = OneSignalNotificationServiceExtension;
			sourceTree = "<group>";
		};
		6863DF8321B3C5E000911374 /* Bulletin */ = {
			isa = PBXGroup;
			children = (
				6863DF8421B3C60400911374 /* FeedBackBLTN.swift */,
				6863DF8621B3C62C00911374 /* TextFieldBLTN.swift */,
			);
			path = Bulletin;
			sourceTree = "<group>";
		};
		6863DF8921B5485D00911374 /* Extensions */ = {
			isa = PBXGroup;
			children = (
				6863DF9421B54C2A00911374 /* date.swift */,
				68E59356223FAEB9008C86C7 /* colors.swift */,
				6808B18021BD1D8200811058 /* Files.swift */,
				6802069C21C6469C000686D1 /* Data.swift */,
				684549C521CE247B00CF5E80 /* UIImage.swift */,
				68E329D321D9223700231CFC /* ViewControllers.swift */,
				6813ED4E21FDC29B007FC120 /* Alert.swift */,
				68838533220FD4D100330B45 /* iCloudFiles.swift */,
				6835AEED2221188300A0C379 /* QuickActions.swift */,
				68B56364222CB9A800B9E0DD /* Compression.swift */,
				68E59354223FA68D008C86C7 /* textField.swift */,
				682CF2A32243B1EE00207563 /* Regex.swift */,
				683CF2662248F81900EB75FC /* Obfuscator.swift */,
				6863564122B4FC0E007DB829 /* Spinner.swift */,
				68DA846322B5EFFD000FAAA2 /* Keychain.swift */,
			);
			path = Extensions;
			sourceTree = "<group>";
		};
		6863DF8C21B5490D00911374 /* Interface */ = {
			isa = PBXGroup;
			children = (
				6863DF9021B5496200911374 /* BottomLine.xib */,
				6852C24B21BB53BA00FA40DC /* Editor.xib */,
				686822ED21DB8DCA0036694B /* GitCommit.xib */,
			);
			path = Interface;
			sourceTree = "<group>";
		};
		6863DF8D21B5491A00911374 /* Controllers */ = {
			isa = PBXGroup;
			children = (
				68E2332A2288097F00ACFE0E /* Plugins */,
				687BA43F227719BE007AE0B3 /* SmartKeyboard */,
				6863DF9221B54A9800911374 /* BottomLine.swift */,
				6852C24D21BB542000FA40DC /* Editor.swift */,
				686822EF21DB8E130036694B /* GitCommit.swift */,
			);
			path = Controllers;
			sourceTree = "<group>";
		};
		6872862A21D29DAE003F1073 /* ObjectiveGit */ = {
			isa = PBXGroup;
			children = (
				6872862B21D29DE2003F1073 /* Header.h */,
				681D9F7521E604C90054CC5E /* PullPush.swift */,
			);
			path = ObjectiveGit;
			sourceTree = "<group>";
		};
		687BA43F227719BE007AE0B3 /* SmartKeyboard */ = {
			isa = PBXGroup;
			children = (
				68D7C3E42279AA6100DC3853 /* Components */,
				6845D0A62265E0730008150D /* SmartKeyboard.swift */,
				687BA442227719F3007AE0B3 /* CompletionView.swift */,
			);
			path = SmartKeyboard;
			sourceTree = "<group>";
		};
		68920FB523B6BDAE00AEA330 /* StudIO Stickers */ = {
			isa = PBXGroup;
			children = (
				68920FB623B6BDB900AEA330 /* Stickers.xcassets */,
				68920FB823B6BDB900AEA330 /* Info.plist */,
			);
			path = "StudIO Stickers";
			sourceTree = "<group>";
		};
		689BDC1021B22F7800D88AAB = {
			isa = PBXGroup;
			children = (
				689BDC1B21B22F7800D88AAB /* StudIO */,
				68B4B2D7224F6A4A00036712 /* StudIO UI Tests */,
				68605ED6232AEC3800077898 /* OneSignalNotificationServiceExtension */,
				68920FB523B6BDAE00AEA330 /* StudIO Stickers */,
				689BDC1A21B22F7800D88AAB /* Products */,
				68040210220EC67500789453 /* Frameworks */,
			);
			sourceTree = "<group>";
		};
		689BDC1A21B22F7800D88AAB /* Products */ = {
			isa = PBXGroup;
			children = (
				689BDC1921B22F7800D88AAB /* StudIO.app */,
				68B4B2D6224F6A4A00036712 /* StudIO UI Tests.xctest */,
				68605ED5232AEC3800077898 /* OneSignalNotificationServiceExtension.appex */,
				68920FB423B6BDAE00AEA330 /* StudIO Stickers.appex */,
			);
			name = Products;
			sourceTree = "<group>";
		};
		689BDC1B21B22F7800D88AAB /* StudIO */ = {
			isa = PBXGroup;
			children = (
				682BCEE22331935D0086FAA4 /* Easter Egg */,
				68DEC2CA2321B94600DB7BE5 /* Settings.bundle */,
				6835AEF1222124ED00A0C379 /* Language */,
				6863DF8921B5485D00911374 /* Extensions */,
				6863DF8821B3FABB00911374 /* StudIO.entitlements */,
				68CD1D6522AD10460025999D /* Documentation */,
				6856C7A921B2786D00441767 /* Projects */,
				68F9B9FE2378E74700C81974 /* SSH */,
				684549C721CE279500CF5E80 /* Git */,
				6856C79921B236C100441767 /* Editor */,
				6856C79821B236B500441767 /* Menus */,
				689BDC1C21B22F7800D88AAB /* AppDelegate.swift */,
				68CA0D0B22AA632D006A22B1 /* SceneDelegate.swift */,
				6856C79A21B236C900441767 /* Views */,
				6856C79B21B23DAC00441767 /* Assets */,
				689BDC2A21B22F7C00D88AAB /* Info.plist */,
			);
			path = StudIO;
			sourceTree = "<group>";
		};
		68B4B2D7224F6A4A00036712 /* StudIO UI Tests */ = {
			isa = PBXGroup;
			children = (
				68B4B2E0224F6A7000036712 /* SnapshotHelper.swift */,
				68B4B2D8224F6A4A00036712 /* StudIO_UI_Tests.swift */,
				68B4B2DA224F6A4A00036712 /* Info.plist */,
			);
			path = "StudIO UI Tests";
			sourceTree = "<group>";
		};
		68B5635B222BBA5D00B9E0DD /* Accepted Files */ = {
			isa = PBXGroup;
			children = (
				68B5635C222BBA7600B9E0DD /* ZipItem.swift */,
				68B5635E222BBB6000B9E0DD /* FolderItem.swift */,
			);
			path = "Accepted Files";
			sourceTree = "<group>";
		};
		68BD16932211733200C5F321 /* Table */ = {
			isa = PBXGroup;
			children = (
				68BD16942211735000C5F321 /* SettingsTableView.swift */,
			);
			path = Table;
			sourceTree = "<group>";
		};
		68C2BC01228043FD0088C39F /* Plugins */ = {
			isa = PBXGroup;
			children = (
				68C2BC0A2281A7030088C39F /* Components */,
				68C2BC07228053960088C39F /* Cell */,
				68C2BC04228044920088C39F /* Table */,
				68C2BC02228044480088C39F /* PluginsVC.swift */,
			);
			path = Plugins;
			sourceTree = "<group>";
		};
		68C2BC04228044920088C39F /* Table */ = {
			isa = PBXGroup;
			children = (
				68C2BC05228044A40088C39F /* PluginsTableView.swift */,
			);
			path = Table;
			sourceTree = "<group>";
		};
		68C2BC07228053960088C39F /* Cell */ = {
			isa = PBXGroup;
			children = (
				68C2BC08228053B60088C39F /* PluginCell.swift */,
			);
			path = Cell;
			sourceTree = "<group>";
		};
		68C2BC0A2281A7030088C39F /* Components */ = {
			isa = PBXGroup;
			children = (
				68C2BC0B2281A7230088C39F /* NewPluginVC.swift */,
				682D03CC2283DA8900F97BEA /* StudIOPackageReader.swift */,
				68A4BC8D2286DBFA0071ECAF /* Plugin.swift */,
			);
			path = Components;
			sourceTree = "<group>";
		};
		68CD1D6522AD10460025999D /* Documentation */ = {
			isa = PBXGroup;
			children = (
				68AE8B8B233FD6F50029B29A /* TableCell.xib */,
				68CD1D6E22AD23E50025999D /* Articles */,
				68CD1D6622AD12440025999D /* BaseDocTableViewController.swift */,
				68CD1D6A22AD12B30025999D /* MarkdownVC.swift */,
				68AE8B87233FD4100029B29A /* MenuDoc.swift */,
				68AE8B89233FD4990029B29A /* ResultsTableController.swift */,
			);
			path = Documentation;
			sourceTree = "<group>";
		};
		68D62A49223C8046005EACCB /* Snippets */ = {
			isa = PBXGroup;
			children = (
				682CF2A02243B14300207563 /* Snippets Services */,
				68D62A4A223C80B6005EACCB /* SnippetsVC.swift */,
				68A62CBC223CD46B0040225E /* snippetController.swift */,
				68A62CBE223CFFCB0040225E /* SnippetCell.swift */,
				68A62CC0223D01D20040225E /* Snippet.swift */,
				6890AD32223E431700D6EDBD /* NewSnippetVC.swift */,
				68879C172261FC7D002EDC5D /* CheatCodeVC.swift */,
			);
			path = Snippets;
			sourceTree = "<group>";
		};
		68D7C3E42279AA6100DC3853 /* Components */ = {
			isa = PBXGroup;
			children = (
				68D7C3E22279AA5100DC3853 /* ButttonBorderRadius.swift */,
				681DF619227ECB8700023DD9 /* SmallCompleletionCell.swift */,
				681DF61B227ECB9B00023DD9 /* LargeCompleletionCell.swift */,
				681DF61D227ECBEB00023DD9 /* CompletionFeature.swift */,
			);
			path = Components;
			sourceTree = "<group>";
		};
		68E2332A2288097F00ACFE0E /* Plugins */ = {
			isa = PBXGroup;
			children = (
				68E2332B2288099600ACFE0E /* PluginImpactor.swift */,
			);
			path = Plugins;
			sourceTree = "<group>";
		};
		68E4544621BE83D400F945A0 /* File System */ = {
			isa = PBXGroup;
			children = (
				68E4544921C1276B00F945A0 /* CellStruct.swift */,
				68E4544B21C127F400F945A0 /* LoadFiles.swift */,
				68E4544D21C276CB00F945A0 /* CreateFile.swift */,
			);
			path = "File System";
			sourceTree = "<group>";
		};
		68F9B9FE2378E74700C81974 /* SSH */ = {
			isa = PBXGroup;
			children = (
				68E64F4F237B8D13000D0AFB /* SSHMainVC.swift */,
				68E64F47237B8CF6000D0AFB /* CommandViewController.swift */,
				68E64F49237B8CF6000D0AFB /* LoginViewController.swift */,
				68E64F4A237B8CF6000D0AFB /* ShellViewController.swift */,
			);
			path = SSH;
			sourceTree = "<group>";
		};
/* End PBXGroup section */

/* Begin PBXNativeTarget section */
		68605ED4232AEC3800077898 /* OneSignalNotificationServiceExtension */ = {
			isa = PBXNativeTarget;
			buildConfigurationList = 68605EE0232AEC3800077898 /* Build configuration list for PBXNativeTarget "OneSignalNotificationServiceExtension" */;
			buildPhases = (
				68605ED1232AEC3800077898 /* Sources */,
				68605ED2232AEC3800077898 /* Frameworks */,
				68605ED3232AEC3800077898 /* Resources */,
			);
			buildRules = (
			);
			dependencies = (
			);
			name = OneSignalNotificationServiceExtension;
			productName = OneSignalNotificationServiceExtension;
			productReference = 68605ED5232AEC3800077898 /* OneSignalNotificationServiceExtension.appex */;
			productType = "com.apple.product-type.app-extension";
		};
		68920FB323B6BDAE00AEA330 /* StudIO Stickers */ = {
			isa = PBXNativeTarget;
			buildConfigurationList = 68920FBE23B6BDB900AEA330 /* Build configuration list for PBXNativeTarget "StudIO Stickers" */;
			buildPhases = (
				68920FB223B6BDAE00AEA330 /* Resources */,
			);
			buildRules = (
			);
			dependencies = (
			);
			name = "StudIO Stickers";
			productName = "StudIO Stickers";
			productReference = 68920FB423B6BDAE00AEA330 /* StudIO Stickers.appex */;
			productType = "com.apple.product-type.app-extension.messages-sticker-pack";
		};
		689BDC1821B22F7800D88AAB /* StudIO */ = {
			isa = PBXNativeTarget;
			buildConfigurationList = 689BDC2D21B22F7C00D88AAB /* Build configuration list for PBXNativeTarget "StudIO" */;
			buildPhases = (
				68F28192225B698E00074D4E /* Build TypeScript editor */,
				6804020E220EC2BA00789453 /* Increment build */,
				689BDC1521B22F7800D88AAB /* Sources */,
				689BDC1621B22F7800D88AAB /* Frameworks */,
				689BDC1721B22F7800D88AAB /* Resources */,
				6804020F220EC4E100789453 /* Carthage */,
				68605EDD232AEC3800077898 /* Embed App Extensions */,
			);
			buildRules = (
			);
			dependencies = (
				68605EDB232AEC3800077898 /* PBXTargetDependency */,
				68920FBA23B6BDB900AEA330 /* PBXTargetDependency */,
			);
			name = StudIO;
			packageProductDependencies = (
				68244C0D23D1157800F50B5C /* ExceptionCatcher */,
			);
			productName = StudIO;
			productReference = 689BDC1921B22F7800D88AAB /* StudIO.app */;
			productType = "com.apple.product-type.application";
		};
		68B4B2D5224F6A4A00036712 /* StudIO UI Tests */ = {
			isa = PBXNativeTarget;
			buildConfigurationList = 68B4B2DF224F6A4A00036712 /* Build configuration list for PBXNativeTarget "StudIO UI Tests" */;
			buildPhases = (
				68B4B2D2224F6A4A00036712 /* Sources */,
				68B4B2D3224F6A4A00036712 /* Frameworks */,
				68B4B2D4224F6A4A00036712 /* Resources */,
			);
			buildRules = (
			);
			dependencies = (
				68B4B2DC224F6A4A00036712 /* PBXTargetDependency */,
			);
			name = "StudIO UI Tests";
			productName = "StudIO UI Tests";
			productReference = 68B4B2D6224F6A4A00036712 /* StudIO UI Tests.xctest */;
			productType = "com.apple.product-type.bundle.ui-testing";
		};
/* End PBXNativeTarget section */

/* Begin PBXProject section */
		689BDC1121B22F7800D88AAB /* Project object */ = {
			isa = PBXProject;
			attributes = {
				LastSwiftUpdateCheck = 1100;
				LastUpgradeCheck = 1010;
				ORGANIZATIONNAME = "Arthur Guiot";
				TargetAttributes = {
					68605ED4232AEC3800077898 = {
						CreatedOnToolsVersion = 11.0;
					};
					68920FB323B6BDAE00AEA330 = {
						CreatedOnToolsVersion = 11.2.1;
					};
					689BDC1821B22F7800D88AAB = {
						CreatedOnToolsVersion = 10.1;
						LastSwiftMigration = 1020;
						SystemCapabilities = {
							com.apple.iCloud = {
								enabled = 1;
							};
						};
					};
					68B079332216B27100772FC6 = {
						CreatedOnToolsVersion = 10.1;
					};
					68B4B2D5224F6A4A00036712 = {
						CreatedOnToolsVersion = 10.1;
						LastSwiftMigration = 1020;
						TestTargetID = 689BDC1821B22F7800D88AAB;
					};
				};
			};
			buildConfigurationList = 689BDC1421B22F7800D88AAB /* Build configuration list for PBXProject "StudIO" */;
			compatibilityVersion = "Xcode 9.3";
			developmentRegion = en;
			hasScannedForEncodings = 0;
			knownRegions = (
				en,
				Base,
			);
			mainGroup = 689BDC1021B22F7800D88AAB;
			packageReferences = (
				68244C0C23D1157800F50B5C /* XCRemoteSwiftPackageReference "ExceptionCatcher" */,
			);
			productRefGroup = 689BDC1A21B22F7800D88AAB /* Products */;
			projectDirPath = "";
			projectRoot = "";
			targets = (
				689BDC1821B22F7800D88AAB /* StudIO */,
				68B079332216B27100772FC6 /* Periphery */,
				68B4B2D5224F6A4A00036712 /* StudIO UI Tests */,
				68605ED4232AEC3800077898 /* OneSignalNotificationServiceExtension */,
				68920FB323B6BDAE00AEA330 /* StudIO Stickers */,
			);
		};
/* End PBXProject section */

/* Begin PBXResourcesBuildPhase section */
		68605ED3232AEC3800077898 /* Resources */ = {
			isa = PBXResourcesBuildPhase;
			buildActionMask = 2147483647;
			files = (
			);
			runOnlyForDeploymentPostprocessing = 0;
		};
		68920FB223B6BDAE00AEA330 /* Resources */ = {
			isa = PBXResourcesBuildPhase;
			buildActionMask = 2147483647;
			files = (
				68920FB723B6BDB900AEA330 /* Stickers.xcassets in Resources */,
			);
			runOnlyForDeploymentPostprocessing = 0;
		};
		689BDC1721B22F7800D88AAB /* Resources */ = {
			isa = PBXResourcesBuildPhase;
			buildActionMask = 2147483647;
			files = (
				682BCEEE233194360086FAA4 /* Game.storyboard in Resources */,
				682BCEF8233194720086FAA4 /* impact2.mp3 in Resources */,
				682BCEF7233194720086FAA4 /* The_Tesseract.mp3 in Resources */,
				689BDC2921B22F7C00D88AAB /* LaunchScreen.storyboard in Resources */,
				6835AEFF22212AE100A0C379 /* Projects.storyboard in Resources */,
				68CD1D6422AD0F5B0025999D /* Documentation.storyboard in Resources */,
				682BCEF6233194720086FAA4 /* impact1.mp3 in Resources */,
				6856C7A421B2586700441767 /* file-icons.ttf in Resources */,
				68162E8821BBE11200CDA628 /* EditorView in Resources */,
				6856C7A321B2586500441767 /* opicons.ttf in Resources */,
				6823A97221C4A22000EA0A2E /* octicons.ttf in Resources */,
				682BCEFA233194720086FAA4 /* btnTapped.mp3 in Resources */,
				6835AEF82221260900A0C379 /* Language.strings in Resources */,
				68F65C952310AC99001602AD /* MFixx.ttf in Resources */,
				6852C24C21BB53BA00FA40DC /* Editor.xib in Resources */,
				6863DF9121B5496200911374 /* BottomLine.xib in Resources */,
				682BCEF9233194720086FAA4 /* gameOver.mp3 in Resources */,
				686822EE21DB8DCA0036694B /* GitCommit.xib in Resources */,
				6856C7A121B249FB00441767 /* Icons.plist in Resources */,
				684549C421CE218F00CF5E80 /* git.storyboard in Resources */,
				682BCEFB233194720086FAA4 /* background.mov in Resources */,
				689BDC2621B22F7C00D88AAB /* Assets.xcassets in Resources */,
				682BCEEB233193F70086FAA4 /* Actions.sks in Resources */,
				682BCEEC233193F70086FAA4 /* GameScene.sks in Resources */,
				689BDC2421B22F7800D88AAB /* Main.storyboard in Resources */,
				68DEC2CB2321B94700DB7BE5 /* Settings.bundle in Resources */,
				68AE8B8C233FD6FC0029B29A /* TableCell.xib in Resources */,
				68CD1D6F22AD23E50025999D /* Articles in Resources */,
			);
			runOnlyForDeploymentPostprocessing = 0;
		};
		68B4B2D4224F6A4A00036712 /* Resources */ = {
			isa = PBXResourcesBuildPhase;
			buildActionMask = 2147483647;
			files = (
			);
			runOnlyForDeploymentPostprocessing = 0;
		};
/* End PBXResourcesBuildPhase section */

/* Begin PBXShellScriptBuildPhase section */
		6804020E220EC2BA00789453 /* Increment build */ = {
			isa = PBXShellScriptBuildPhase;
			buildActionMask = 2147483647;
			files = (
			);
			inputFileListPaths = (
			);
			inputPaths = (
			);
			name = "Increment build";
			outputFileListPaths = (
			);
			outputPaths = (
			);
			runOnlyForDeploymentPostprocessing = 0;
			shellPath = /bin/sh;
			shellScript = "# xcode-build-bump.sh\n# @desc Auto-increment the build number every time the project is run. \n# @usage\n# 1. Select: your Target in Xcode\n# 2. Select: Build Phases Tab\n# 3. Select: Add Build Phase -> Add Run Script\n# 4. Paste code below in to new \"Run Script\" section\n# 5. Drag the \"Run Script\" below \"Link Binaries With Libraries\"\n# 6. Insure that your starting build number is set to a whole integer and not a float (e.g. 1, not 1.0)\n\n#buildNumber=$(/usr/libexec/PlistBuddy -c \"Print CFBundleVersion\" \"${PROJECT_DIR}/${INFOPLIST_FILE}\")\n#buildNumber=$(($buildNumber + 1))\n#/usr/libexec/PlistBuddy -c \"Set :CFBundleVersion $buildNumber\" \"${PROJECT_DIR}/${INFOPLIST_FILE}\"\n";
		};
		6804020F220EC4E100789453 /* Carthage */ = {
			isa = PBXShellScriptBuildPhase;
			buildActionMask = 2147483647;
			files = (
			);
			inputFileListPaths = (
			);
			inputPaths = (
				"$(SRCROOT)/Carthage/Build/iOS/SwiftGit2.framework",
				"$(SRCROOT)/Carthage/Build/iOS/ObjectiveGit.framework",
				"$(SRCROOT)/Carthage/Build/iOS/BLTNBoard.framework",
				"$(SRCROOT)/Carthage/Build/iOS/Zip.framework",
				"$(SRCROOT)/Carthage/Build/iOS/ColorSlider.framework",
				"$(SRCROOT)/Carthage/Build/iOS/JASON.framework",
				"$(SRCROOT)/Carthage/Build/iOS/Down.framework",
				"$(SRCROOT)/Carthage/Build/iOS/OneSignal.framework",
				"$(SRCROOT)/Carthage/Build/iOS/SwiftSH.framework",
			);
			name = Carthage;
			outputFileListPaths = (
			);
			outputPaths = (
			);
			runOnlyForDeploymentPostprocessing = 0;
			shellPath = /bin/sh;
			shellScript = "/usr/local/bin/carthage copy-frameworks\n";
		};
		68B079372216B27D00772FC6 /* ShellScript */ = {
			isa = PBXShellScriptBuildPhase;
			buildActionMask = 2147483647;
			files = (
			);
			inputFileListPaths = (
			);
			inputPaths = (
			);
			outputFileListPaths = (
			);
			outputPaths = (
			);
			runOnlyForDeploymentPostprocessing = 0;
			shellPath = /bin/sh;
			shellScript = "# Type a script or drag a script file from your workspace to insert its path.\nperiphery scan --project StudIO.xcodeproj --schemes StudIO --targets StudIO --format xcode\n";
		};
		68F28192225B698E00074D4E /* Build TypeScript editor */ = {
			isa = PBXShellScriptBuildPhase;
			buildActionMask = 2147483647;
			files = (
			);
			inputFileListPaths = (
			);
			inputPaths = (
			);
			name = "Build TypeScript editor";
			outputFileListPaths = (
			);
			outputPaths = (
			);
			runOnlyForDeploymentPostprocessing = 0;
			shellPath = /bin/sh;
			shellScript = "# Type a script or drag a script file from your workspace to insert its path.\ncd \"${PROJECT_DIR}/cmLib\"\n\nnpm run build\n";
			showEnvVarsInLog = 0;
		};
/* End PBXShellScriptBuildPhase section */

/* Begin PBXSourcesBuildPhase section */
		68605ED1232AEC3800077898 /* Sources */ = {
			isa = PBXSourcesBuildPhase;
			buildActionMask = 2147483647;
			files = (
				68605ED8232AEC3800077898 /* NotificationService.swift in Sources */,
			);
			runOnlyForDeploymentPostprocessing = 0;
		};
		689BDC1521B22F7800D88AAB /* Sources */ = {
			isa = PBXSourcesBuildPhase;
			buildActionMask = 2147483647;
			files = (
				68D7C3E32279AA5100DC3853 /* ButttonBorderRadius.swift in Sources */,
				68A62CC1223D01D20040225E /* Snippet.swift in Sources */,
				6835AEFE2221273D00A0C379 /* Localize.swift in Sources */,
				68B5635A222BB8C900B9E0DD /* DropInteraction.swift in Sources */,
				68E4544A21C1276B00F945A0 /* CellStruct.swift in Sources */,
				686822F021DB8E130036694B /* GitCommit.swift in Sources */,
				68C2BC06228044A40088C39F /* PluginsTableView.swift in Sources */,
				68A62CBD223CD46C0040225E /* snippetController.swift in Sources */,
				683CF2652247A9D400EB75FC /* GitLab.swift in Sources */,
				6863DF9721B68F1700911374 /* EditorSplitVC.swift in Sources */,
				682BCF002331949A0086FAA4 /* SetButtons.swift in Sources */,
				6845D0A72265E0730008150D /* SmartKeyboard.swift in Sources */,
				68AE8B88233FD4100029B29A /* MenuDoc.swift in Sources */,
				68E64F4D237B8CF6000D0AFB /* LoginViewController.swift in Sources */,
				68E329D421D9223700231CFC /* ViewControllers.swift in Sources */,
				68B5635F222BBB6000B9E0DD /* FolderItem.swift in Sources */,
				689BDC2121B22F7800D88AAB /* WorkingDirDetailVC.swift in Sources */,
				6852C24E21BB542000FA40DC /* Editor.swift in Sources */,
				68BD16952211735000C5F321 /* SettingsTableView.swift in Sources */,
				6856C79F21B23E3800441767 /* FileCell.swift in Sources */,
				68E64F50237B8D13000D0AFB /* SSHMainVC.swift in Sources */,
				682CF2A22243B15700207563 /* Gist.swift in Sources */,
				6863DF9321B54A9800911374 /* BottomLine.swift in Sources */,
				682BCF022331949A0086FAA4 /* AboutViewController.swift in Sources */,
				68D62A4B223C80B6005EACCB /* SnippetsVC.swift in Sources */,
				68190017220EE346003E0972 /* SettingsVC.swift in Sources */,
				68E2332C2288099600ACFE0E /* PluginImpactor.swift in Sources */,
				682BCF012331949A0086FAA4 /* SettingsViewController.swift in Sources */,
				68CD1D6B22AD12B30025999D /* MarkdownVC.swift in Sources */,
				681DF61C227ECB9B00023DD9 /* LargeCompleletionCell.swift in Sources */,
				68A4BC8E2286DBFA0071ECAF /* Plugin.swift in Sources */,
				68E64F4B237B8CF6000D0AFB /* CommandViewController.swift in Sources */,
				68AE8B8A233FD4990029B29A /* ResultsTableController.swift in Sources */,
				684549C621CE247B00CF5E80 /* UIImage.swift in Sources */,
				6863DF8521B3C60400911374 /* FeedBackBLTN.swift in Sources */,
				6863DF8721B3C62C00911374 /* TextFieldBLTN.swift in Sources */,
				6835AEEE2221188300A0C379 /* QuickActions.swift in Sources */,
				68C2BC09228053B60088C39F /* PluginCell.swift in Sources */,
				682BCEE4233193890086FAA4 /* GameVC.swift in Sources */,
				68CA0D0C22AA632D006A22B1 /* SceneDelegate.swift in Sources */,
				681DF61A227ECB8700023DD9 /* SmallCompleletionCell.swift in Sources */,
				682CF2A42243B1EE00207563 /* Regex.swift in Sources */,
				689BDC1F21B22F7800D88AAB /* WorkingDirMasterVC.swift in Sources */,
				6863DF9521B54C2A00911374 /* date.swift in Sources */,
				682BCF032331949A0086FAA4 /* MainViewController.swift in Sources */,
				68E59355223FA68D008C86C7 /* textField.swift in Sources */,
				68B5635D222BBA7600B9E0DD /* ZipItem.swift in Sources */,
				6890AD33223E431700D6EDBD /* NewSnippetVC.swift in Sources */,
				68C2BC0C2281A7230088C39F /* NewPluginVC.swift in Sources */,
				683CF2672248F81900EB75FC /* Obfuscator.swift in Sources */,
				68E59357223FAEB9008C86C7 /* colors.swift in Sources */,
				6808B18121BD1D8200811058 /* Files.swift in Sources */,
				6808B18321BD1E5200811058 /* FileProjects.swift in Sources */,
				6856C7B221B27A8000441767 /* ProjectCell.swift in Sources */,
				68B56365222CB9A800B9E0DD /* Compression.swift in Sources */,
				682D03CD2283DA8900F97BEA /* StudIOPackageReader.swift in Sources */,
				68838534220FD4D100330B45 /* iCloudFiles.swift in Sources */,
				68E4544E21C276CB00F945A0 /* CreateFile.swift in Sources */,
				68E64F4E237B8CF6000D0AFB /* ShellViewController.swift in Sources */,
				6838E26422477DDB00BF1A44 /* Services.swift in Sources */,
				6856C7AB21B2788900441767 /* ProjectVC.swift in Sources */,
				6835AEF022211F3100A0C379 /* RootVC.swift in Sources */,
				6813ED4F21FDC29B007FC120 /* Alert.swift in Sources */,
				68DA846422B5EFFD000FAAA2 /* Keychain.swift in Sources */,
				68E4544C21C127F400F945A0 /* LoadFiles.swift in Sources */,
				680CEDC52261FE2F007AFEE0 /* Cht.swift in Sources */,
				684549C921CE27EE00CF5E80 /* GitVC.swift in Sources */,
				6863564222B4FC0E007DB829 /* Spinner.swift in Sources */,
				682BCEE8233193D20086FAA4 /* GameScene.swift in Sources */,
				684F81BB220F03B60003B845 /* SliderCell.swift in Sources */,
				6802069D21C6469C000686D1 /* Data.swift in Sources */,
				68CD1D6722AD12440025999D /* BaseDocTableViewController.swift in Sources */,
				68C2BC03228044480088C39F /* PluginsVC.swift in Sources */,
				682BCEE6233193A80086FAA4 /* AudioPlayer.swift in Sources */,
				68A62CBF223CFFCB0040225E /* SnippetCell.swift in Sources */,
				68879C182261FC7D002EDC5D /* CheatCodeVC.swift in Sources */,
				68B56363222BE87300B9E0DD /* DoubleScreen.swift in Sources */,
				684F81BD220F03D90003B845 /* StepperCell.swift in Sources */,
				689BDC1D21B22F7800D88AAB /* AppDelegate.swift in Sources */,
				681DF61E227ECBEB00023DD9 /* CompletionFeature.swift in Sources */,
				6856C7AF21B2797200441767 /* Project.swift in Sources */,
				681D9F7621E604C90054CC5E /* PullPush.swift in Sources */,
				68058E5821C7AFCB0088334E /* TableViewExtension.swift in Sources */,
				687BA443227719F3007AE0B3 /* CompletionView.swift in Sources */,
				684F81BF220F03F30003B845 /* TextFieldCell.swift in Sources */,
				687DA70522127145005491C0 /* PickerViewCell.swift in Sources */,
			);
			runOnlyForDeploymentPostprocessing = 0;
		};
		68B4B2D2224F6A4A00036712 /* Sources */ = {
			isa = PBXSourcesBuildPhase;
			buildActionMask = 2147483647;
			files = (
				68B4B2D9224F6A4A00036712 /* StudIO_UI_Tests.swift in Sources */,
				68B4B2E1224F6A7000036712 /* SnapshotHelper.swift in Sources */,
			);
			runOnlyForDeploymentPostprocessing = 0;
		};
/* End PBXSourcesBuildPhase section */

/* Begin PBXTargetDependency section */
		68605EDB232AEC3800077898 /* PBXTargetDependency */ = {
			isa = PBXTargetDependency;
			target = 68605ED4232AEC3800077898 /* OneSignalNotificationServiceExtension */;
			targetProxy = 68605EDA232AEC3800077898 /* PBXContainerItemProxy */;
		};
		68920FBA23B6BDB900AEA330 /* PBXTargetDependency */ = {
			isa = PBXTargetDependency;
			target = 68920FB323B6BDAE00AEA330 /* StudIO Stickers */;
			targetProxy = 68920FB923B6BDB900AEA330 /* PBXContainerItemProxy */;
		};
		68B4B2DC224F6A4A00036712 /* PBXTargetDependency */ = {
			isa = PBXTargetDependency;
			target = 689BDC1821B22F7800D88AAB /* StudIO */;
			targetProxy = 68B4B2DB224F6A4A00036712 /* PBXContainerItemProxy */;
		};
/* End PBXTargetDependency section */

/* Begin PBXVariantGroup section */
		6835AEFA2221260900A0C379 /* Language.strings */ = {
			isa = PBXVariantGroup;
			children = (
				6835AEF92221260900A0C379 /* en */,
			);
			name = Language.strings;
			sourceTree = "<group>";
		};
		6835AF0122212AE100A0C379 /* Projects.storyboard */ = {
			isa = PBXVariantGroup;
			children = (
				6835AF0022212AE100A0C379 /* en */,
			);
			name = Projects.storyboard;
			sourceTree = "<group>";
		};
		689BDC2221B22F7800D88AAB /* Main.storyboard */ = {
			isa = PBXVariantGroup;
			children = (
				689BDC2321B22F7800D88AAB /* Base */,
			);
			name = Main.storyboard;
			sourceTree = "<group>";
		};
		689BDC2721B22F7C00D88AAB /* LaunchScreen.storyboard */ = {
			isa = PBXVariantGroup;
			children = (
				689BDC2821B22F7C00D88AAB /* Base */,
			);
			name = LaunchScreen.storyboard;
			sourceTree = "<group>";
		};
/* End PBXVariantGroup section */

/* Begin XCBuildConfiguration section */
		68605EDE232AEC3800077898 /* Debug */ = {
			isa = XCBuildConfiguration;
			buildSettings = {
				CODE_SIGN_STYLE = Automatic;
				CURRENT_PROJECT_VERSION = 1;
				DEVELOPMENT_TEAM = 73CCF549YB;
				FRAMEWORK_SEARCH_PATHS = (
					"$(inherited)",
					"$(PROJECT_DIR)/Carthage/Build/iOS",
				);
				INFOPLIST_FILE = OneSignalNotificationServiceExtension/Info.plist;
				IPHONEOS_DEPLOYMENT_TARGET = 10.0;
				LD_RUNPATH_SEARCH_PATHS = (
					"$(inherited)",
					"@executable_path/Frameworks",
					"@executable_path/../../Frameworks",
				);
				MARKETING_VERSION = 1.2.5;
				PRODUCT_BUNDLE_IDENTIFIER = com.ArthurG.StudIO.OneSignalNotificationServiceExtension;
				PRODUCT_NAME = "$(TARGET_NAME)";
				SKIP_INSTALL = YES;
				SWIFT_VERSION = 5.0;
				TARGETED_DEVICE_FAMILY = "1,2";
			};
			name = Debug;
		};
		68605EDF232AEC3800077898 /* Release */ = {
			isa = XCBuildConfiguration;
			buildSettings = {
				CODE_SIGN_STYLE = Automatic;
				CURRENT_PROJECT_VERSION = 1;
				DEVELOPMENT_TEAM = 73CCF549YB;
				FRAMEWORK_SEARCH_PATHS = (
					"$(inherited)",
					"$(PROJECT_DIR)/Carthage/Build/iOS",
				);
				INFOPLIST_FILE = OneSignalNotificationServiceExtension/Info.plist;
				IPHONEOS_DEPLOYMENT_TARGET = 10.0;
				LD_RUNPATH_SEARCH_PATHS = (
					"$(inherited)",
					"@executable_path/Frameworks",
					"@executable_path/../../Frameworks",
				);
				MARKETING_VERSION = 1.2.5;
				PRODUCT_BUNDLE_IDENTIFIER = com.ArthurG.StudIO.OneSignalNotificationServiceExtension;
				PRODUCT_NAME = "$(TARGET_NAME)";
				SKIP_INSTALL = YES;
				SWIFT_VERSION = 5.0;
				TARGETED_DEVICE_FAMILY = "1,2";
			};
			name = Release;
		};
		68920FBC23B6BDB900AEA330 /* Debug */ = {
			isa = XCBuildConfiguration;
			buildSettings = {
				ASSETCATALOG_COMPILER_APPICON_NAME = "iMessage App Icon";
				CODE_SIGN_IDENTITY = "iPhone Developer";
				CODE_SIGN_STYLE = Automatic;
				CURRENT_PROJECT_VERSION = 1;
				DEVELOPMENT_TEAM = 73CCF549YB;
				INFOPLIST_FILE = "StudIO Stickers/Info.plist";
				IPHONEOS_DEPLOYMENT_TARGET = 10.0;
				MARKETING_VERSION = 1.2.5;
				PRODUCT_BUNDLE_IDENTIFIER = "com.ArthurG.StudIO.StudIO-Stickers";
				PRODUCT_NAME = "$(TARGET_NAME)";
				SKIP_INSTALL = YES;
				TARGETED_DEVICE_FAMILY = "1,2";
			};
			name = Debug;
		};
		68920FBD23B6BDB900AEA330 /* Release */ = {
			isa = XCBuildConfiguration;
			buildSettings = {
				ASSETCATALOG_COMPILER_APPICON_NAME = "iMessage App Icon";
				CODE_SIGN_STYLE = Automatic;
				CURRENT_PROJECT_VERSION = 1;
				DEVELOPMENT_TEAM = 73CCF549YB;
				INFOPLIST_FILE = "StudIO Stickers/Info.plist";
				IPHONEOS_DEPLOYMENT_TARGET = 10.0;
				MARKETING_VERSION = 1.2.5;
				PRODUCT_BUNDLE_IDENTIFIER = "com.ArthurG.StudIO.StudIO-Stickers";
				PRODUCT_NAME = "$(TARGET_NAME)";
				SKIP_INSTALL = YES;
				TARGETED_DEVICE_FAMILY = "1,2";
			};
			name = Release;
		};
		689BDC2B21B22F7C00D88AAB /* Debug */ = {
			isa = XCBuildConfiguration;
			buildSettings = {
				ALWAYS_SEARCH_USER_PATHS = NO;
				CLANG_ANALYZER_LOCALIZABILITY_NONLOCALIZED = YES;
				CLANG_ANALYZER_NONNULL = YES;
				CLANG_ANALYZER_NUMBER_OBJECT_CONVERSION = YES_AGGRESSIVE;
				CLANG_CXX_LANGUAGE_STANDARD = "gnu++14";
				CLANG_CXX_LIBRARY = "libc++";
				CLANG_ENABLE_MODULES = YES;
				CLANG_ENABLE_OBJC_ARC = YES;
				CLANG_ENABLE_OBJC_WEAK = YES;
				CLANG_WARN_BLOCK_CAPTURE_AUTORELEASING = YES;
				CLANG_WARN_BOOL_CONVERSION = YES;
				CLANG_WARN_COMMA = YES;
				CLANG_WARN_CONSTANT_CONVERSION = YES;
				CLANG_WARN_DEPRECATED_OBJC_IMPLEMENTATIONS = YES;
				CLANG_WARN_DIRECT_OBJC_ISA_USAGE = YES_ERROR;
				CLANG_WARN_DOCUMENTATION_COMMENTS = YES;
				CLANG_WARN_EMPTY_BODY = YES;
				CLANG_WARN_ENUM_CONVERSION = YES;
				CLANG_WARN_INFINITE_RECURSION = YES;
				CLANG_WARN_INT_CONVERSION = YES;
				CLANG_WARN_NON_LITERAL_NULL_CONVERSION = YES;
				CLANG_WARN_OBJC_IMPLICIT_RETAIN_SELF = YES;
				CLANG_WARN_OBJC_LITERAL_CONVERSION = YES;
				CLANG_WARN_OBJC_ROOT_CLASS = YES_ERROR;
				CLANG_WARN_RANGE_LOOP_ANALYSIS = YES;
				CLANG_WARN_STRICT_PROTOTYPES = YES;
				CLANG_WARN_SUSPICIOUS_MOVE = YES;
				CLANG_WARN_UNGUARDED_AVAILABILITY = YES_AGGRESSIVE;
				CLANG_WARN_UNREACHABLE_CODE = YES;
				CLANG_WARN__DUPLICATE_METHOD_MATCH = YES;
				CODE_SIGN_IDENTITY = "iPhone Developer";
				COPY_PHASE_STRIP = NO;
				DEBUG_INFORMATION_FORMAT = dwarf;
				ENABLE_STRICT_OBJC_MSGSEND = YES;
				ENABLE_TESTABILITY = YES;
				GCC_C_LANGUAGE_STANDARD = gnu11;
				GCC_DYNAMIC_NO_PIC = NO;
				GCC_NO_COMMON_BLOCKS = YES;
				GCC_OPTIMIZATION_LEVEL = 0;
				GCC_PREPROCESSOR_DEFINITIONS = (
					"DEBUG=1",
					"$(inherited)",
				);
				GCC_WARN_64_TO_32_BIT_CONVERSION = YES;
				GCC_WARN_ABOUT_RETURN_TYPE = YES_ERROR;
				GCC_WARN_UNDECLARED_SELECTOR = YES;
				GCC_WARN_UNINITIALIZED_AUTOS = YES_AGGRESSIVE;
				GCC_WARN_UNUSED_FUNCTION = YES;
				GCC_WARN_UNUSED_VARIABLE = YES;
				IPHONEOS_DEPLOYMENT_TARGET = 12.1;
				MTL_ENABLE_DEBUG_INFO = INCLUDE_SOURCE;
				MTL_FAST_MATH = YES;
				ONLY_ACTIVE_ARCH = YES;
				SDKROOT = iphoneos;
				SWIFT_ACTIVE_COMPILATION_CONDITIONS = DEBUG;
				SWIFT_OPTIMIZATION_LEVEL = "-Onone";
			};
			name = Debug;
		};
		689BDC2C21B22F7C00D88AAB /* Release */ = {
			isa = XCBuildConfiguration;
			buildSettings = {
				ALWAYS_SEARCH_USER_PATHS = NO;
				CLANG_ANALYZER_LOCALIZABILITY_NONLOCALIZED = YES;
				CLANG_ANALYZER_NONNULL = YES;
				CLANG_ANALYZER_NUMBER_OBJECT_CONVERSION = YES_AGGRESSIVE;
				CLANG_CXX_LANGUAGE_STANDARD = "gnu++14";
				CLANG_CXX_LIBRARY = "libc++";
				CLANG_ENABLE_MODULES = YES;
				CLANG_ENABLE_OBJC_ARC = YES;
				CLANG_ENABLE_OBJC_WEAK = YES;
				CLANG_WARN_BLOCK_CAPTURE_AUTORELEASING = YES;
				CLANG_WARN_BOOL_CONVERSION = YES;
				CLANG_WARN_COMMA = YES;
				CLANG_WARN_CONSTANT_CONVERSION = YES;
				CLANG_WARN_DEPRECATED_OBJC_IMPLEMENTATIONS = YES;
				CLANG_WARN_DIRECT_OBJC_ISA_USAGE = YES_ERROR;
				CLANG_WARN_DOCUMENTATION_COMMENTS = YES;
				CLANG_WARN_EMPTY_BODY = YES;
				CLANG_WARN_ENUM_CONVERSION = YES;
				CLANG_WARN_INFINITE_RECURSION = YES;
				CLANG_WARN_INT_CONVERSION = YES;
				CLANG_WARN_NON_LITERAL_NULL_CONVERSION = YES;
				CLANG_WARN_OBJC_IMPLICIT_RETAIN_SELF = YES;
				CLANG_WARN_OBJC_LITERAL_CONVERSION = YES;
				CLANG_WARN_OBJC_ROOT_CLASS = YES_ERROR;
				CLANG_WARN_RANGE_LOOP_ANALYSIS = YES;
				CLANG_WARN_STRICT_PROTOTYPES = YES;
				CLANG_WARN_SUSPICIOUS_MOVE = YES;
				CLANG_WARN_UNGUARDED_AVAILABILITY = YES_AGGRESSIVE;
				CLANG_WARN_UNREACHABLE_CODE = YES;
				CLANG_WARN__DUPLICATE_METHOD_MATCH = YES;
				CODE_SIGN_IDENTITY = "iPhone Developer";
				COPY_PHASE_STRIP = NO;
				DEBUG_INFORMATION_FORMAT = "dwarf-with-dsym";
				ENABLE_NS_ASSERTIONS = NO;
				ENABLE_STRICT_OBJC_MSGSEND = YES;
				GCC_C_LANGUAGE_STANDARD = gnu11;
				GCC_NO_COMMON_BLOCKS = YES;
				GCC_WARN_64_TO_32_BIT_CONVERSION = YES;
				GCC_WARN_ABOUT_RETURN_TYPE = YES_ERROR;
				GCC_WARN_UNDECLARED_SELECTOR = YES;
				GCC_WARN_UNINITIALIZED_AUTOS = YES_AGGRESSIVE;
				GCC_WARN_UNUSED_FUNCTION = YES;
				GCC_WARN_UNUSED_VARIABLE = YES;
				IPHONEOS_DEPLOYMENT_TARGET = 12.1;
				MTL_ENABLE_DEBUG_INFO = NO;
				MTL_FAST_MATH = YES;
				SDKROOT = iphoneos;
				SWIFT_COMPILATION_MODE = wholemodule;
				SWIFT_OPTIMIZATION_LEVEL = "-O";
				VALIDATE_PRODUCT = YES;
			};
			name = Release;
		};
		689BDC2E21B22F7C00D88AAB /* Debug */ = {
			isa = XCBuildConfiguration;
			buildSettings = {
				ALWAYS_EMBED_SWIFT_STANDARD_LIBRARIES = YES;
				ASSETCATALOG_COMPILER_APPICON_NAME = AppIcon;
				CLANG_ENABLE_MODULES = YES;
				CODE_SIGN_ENTITLEMENTS = StudIO/StudIO.entitlements;
				CODE_SIGN_IDENTITY = "iPhone Developer";
				CODE_SIGN_STYLE = Automatic;
				CURRENT_PROJECT_VERSION = 1;
				DEVELOPMENT_TEAM = 73CCF549YB;
				FRAMEWORK_SEARCH_PATHS = (
					"$(inherited)",
					"$(PROJECT_DIR)/Carthage/Build/iOS",
				);
				INFOPLIST_FILE = StudIO/Info.plist;
				IPHONEOS_DEPLOYMENT_TARGET = 10.0;
				LD_RUNPATH_SEARCH_PATHS = (
					"$(inherited)",
					"@executable_path/Frameworks",
				);
				MARKETING_VERSION = 1.2.5;
				PRODUCT_BUNDLE_IDENTIFIER = com.ArthurG.StudIO;
				PRODUCT_NAME = "$(TARGET_NAME)";
				SWIFT_OBJC_BRIDGING_HEADER = StudIO/Git/ObjectiveGit/Header.h;
				SWIFT_OPTIMIZATION_LEVEL = "-Onone";
				SWIFT_VERSION = 5.0;
				TARGETED_DEVICE_FAMILY = "1,2";
			};
			name = Debug;
		};
		689BDC2F21B22F7C00D88AAB /* Release */ = {
			isa = XCBuildConfiguration;
			buildSettings = {
				ALWAYS_EMBED_SWIFT_STANDARD_LIBRARIES = YES;
				ASSETCATALOG_COMPILER_APPICON_NAME = AppIcon;
				ASSETCATALOG_COMPILER_OPTIMIZATION = time;
				CLANG_ENABLE_MODULES = YES;
				CODE_SIGN_ENTITLEMENTS = StudIO/StudIO.entitlements;
				CODE_SIGN_STYLE = Automatic;
				CURRENT_PROJECT_VERSION = 1;
				DEVELOPMENT_TEAM = 73CCF549YB;
				FRAMEWORK_SEARCH_PATHS = (
					"$(inherited)",
					"$(PROJECT_DIR)/Carthage/Build/iOS",
				);
				INFOPLIST_FILE = StudIO/Info.plist;
				IPHONEOS_DEPLOYMENT_TARGET = 10.0;
				LD_RUNPATH_SEARCH_PATHS = (
					"$(inherited)",
					"@executable_path/Frameworks",
				);
				MARKETING_VERSION = 1.2.5;
				PRODUCT_BUNDLE_IDENTIFIER = com.ArthurG.StudIO;
				PRODUCT_NAME = "$(TARGET_NAME)";
				SWIFT_OBJC_BRIDGING_HEADER = StudIO/Git/ObjectiveGit/Header.h;
				SWIFT_VERSION = 5.0;
				TARGETED_DEVICE_FAMILY = "1,2";
			};
			name = Release;
		};
		68B079342216B27100772FC6 /* Debug */ = {
			isa = XCBuildConfiguration;
			buildSettings = {
				CODE_SIGN_STYLE = Automatic;
				DEVELOPMENT_TEAM = 73CCF549YB;
				PRODUCT_NAME = "$(TARGET_NAME)";
			};
			name = Debug;
		};
		68B079352216B27100772FC6 /* Release */ = {
			isa = XCBuildConfiguration;
			buildSettings = {
				CODE_SIGN_STYLE = Automatic;
				DEVELOPMENT_TEAM = 73CCF549YB;
				PRODUCT_NAME = "$(TARGET_NAME)";
			};
			name = Release;
		};
		68B4B2DD224F6A4A00036712 /* Debug */ = {
			isa = XCBuildConfiguration;
			buildSettings = {
				CODE_SIGN_STYLE = Automatic;
				DEVELOPMENT_TEAM = 73CCF549YB;
				INFOPLIST_FILE = "StudIO UI Tests/Info.plist";
				LD_RUNPATH_SEARCH_PATHS = (
					"$(inherited)",
					"@executable_path/Frameworks",
					"@loader_path/Frameworks",
				);
				PRODUCT_BUNDLE_IDENTIFIER = "com.ArthurG.StudIO.StudIO-UI-Tests";
				PRODUCT_NAME = "$(TARGET_NAME)";
				SWIFT_VERSION = 5.0;
				TARGETED_DEVICE_FAMILY = "1,2";
				TEST_TARGET_NAME = StudIO;
			};
			name = Debug;
		};
		68B4B2DE224F6A4A00036712 /* Release */ = {
			isa = XCBuildConfiguration;
			buildSettings = {
				CODE_SIGN_STYLE = Automatic;
				DEVELOPMENT_TEAM = 73CCF549YB;
				INFOPLIST_FILE = "StudIO UI Tests/Info.plist";
				LD_RUNPATH_SEARCH_PATHS = (
					"$(inherited)",
					"@executable_path/Frameworks",
					"@loader_path/Frameworks",
				);
				PRODUCT_BUNDLE_IDENTIFIER = "com.ArthurG.StudIO.StudIO-UI-Tests";
				PRODUCT_NAME = "$(TARGET_NAME)";
				SWIFT_VERSION = 5.0;
				TARGETED_DEVICE_FAMILY = "1,2";
				TEST_TARGET_NAME = StudIO;
			};
			name = Release;
		};
/* End XCBuildConfiguration section */

/* Begin XCConfigurationList section */
		68605EE0232AEC3800077898 /* Build configuration list for PBXNativeTarget "OneSignalNotificationServiceExtension" */ = {
			isa = XCConfigurationList;
			buildConfigurations = (
				68605EDE232AEC3800077898 /* Debug */,
				68605EDF232AEC3800077898 /* Release */,
			);
			defaultConfigurationIsVisible = 0;
			defaultConfigurationName = Release;
		};
		68920FBE23B6BDB900AEA330 /* Build configuration list for PBXNativeTarget "StudIO Stickers" */ = {
			isa = XCConfigurationList;
			buildConfigurations = (
				68920FBC23B6BDB900AEA330 /* Debug */,
				68920FBD23B6BDB900AEA330 /* Release */,
			);
			defaultConfigurationIsVisible = 0;
			defaultConfigurationName = Release;
		};
		689BDC1421B22F7800D88AAB /* Build configuration list for PBXProject "StudIO" */ = {
			isa = XCConfigurationList;
			buildConfigurations = (
				689BDC2B21B22F7C00D88AAB /* Debug */,
				689BDC2C21B22F7C00D88AAB /* Release */,
			);
			defaultConfigurationIsVisible = 0;
			defaultConfigurationName = Release;
		};
		689BDC2D21B22F7C00D88AAB /* Build configuration list for PBXNativeTarget "StudIO" */ = {
			isa = XCConfigurationList;
			buildConfigurations = (
				689BDC2E21B22F7C00D88AAB /* Debug */,
				689BDC2F21B22F7C00D88AAB /* Release */,
			);
			defaultConfigurationIsVisible = 0;
			defaultConfigurationName = Release;
		};
		68B079362216B27100772FC6 /* Build configuration list for PBXAggregateTarget "Periphery" */ = {
			isa = XCConfigurationList;
			buildConfigurations = (
				68B079342216B27100772FC6 /* Debug */,
				68B079352216B27100772FC6 /* Release */,
			);
			defaultConfigurationIsVisible = 0;
			defaultConfigurationName = Release;
		};
		68B4B2DF224F6A4A00036712 /* Build configuration list for PBXNativeTarget "StudIO UI Tests" */ = {
			isa = XCConfigurationList;
			buildConfigurations = (
				68B4B2DD224F6A4A00036712 /* Debug */,
				68B4B2DE224F6A4A00036712 /* Release */,
			);
			defaultConfigurationIsVisible = 0;
			defaultConfigurationName = Release;
		};
/* End XCConfigurationList section */

/* Begin XCRemoteSwiftPackageReference section */
		68244C0C23D1157800F50B5C /* XCRemoteSwiftPackageReference "ExceptionCatcher" */ = {
			isa = XCRemoteSwiftPackageReference;
			repositoryURL = "https://github.com/sindresorhus/ExceptionCatcher.git";
			requirement = {
				kind = upToNextMajorVersion;
				minimumVersion = 1.0.0;
			};
		};
/* End XCRemoteSwiftPackageReference section */

/* Begin XCSwiftPackageProductDependency section */
		68244C0D23D1157800F50B5C /* ExceptionCatcher */ = {
			isa = XCSwiftPackageProductDependency;
			package = 68244C0C23D1157800F50B5C /* XCRemoteSwiftPackageReference "ExceptionCatcher" */;
			productName = ExceptionCatcher;
		};
/* End XCSwiftPackageProductDependency section */
	};
	rootObject = 689BDC1121B22F7800D88AAB /* Project object */;
}
