// !$*UTF8*$!
{
	archiveVersion = 1;
	classes = {
	};
	objectVersion = 50;
	objects = {

/* Begin PBXBuildFile section */
		6802069D21C6469C000686D1 /* Data.swift in Sources */ = {isa = PBXBuildFile; fileRef = 6802069C21C6469C000686D1 /* Data.swift */; };
		68058E5821C7AFCB0088334E /* TableViewExtension.swift in Sources */ = {isa = PBXBuildFile; fileRef = 68058E5721C7AFCB0088334E /* TableViewExtension.swift */; };
		6808B18121BD1D8200811058 /* Files.swift in Sources */ = {isa = PBXBuildFile; fileRef = 6808B18021BD1D8200811058 /* Files.swift */; };
		6808B18321BD1E5200811058 /* FileProjects.swift in Sources */ = {isa = PBXBuildFile; fileRef = 6808B18221BD1E5200811058 /* FileProjects.swift */; };
		6813ED4F21FDC29B007FC120 /* Alert.swift in Sources */ = {isa = PBXBuildFile; fileRef = 6813ED4E21FDC29B007FC120 /* Alert.swift */; };
		68162E8821BBE11200CDA628 /* EditorView in Resources */ = {isa = PBXBuildFile; fileRef = 68162E8721BBE11200CDA628 /* EditorView */; };
		681D9F7621E604C90054CC5E /* PullPush.swift in Sources */ = {isa = PBXBuildFile; fileRef = 681D9F7521E604C90054CC5E /* PullPush.swift */; };
		6823A97221C4A22000EA0A2E /* octicons.ttf in Resources */ = {isa = PBXBuildFile; fileRef = 6856C7A821B2773F00441767 /* octicons.ttf */; };
		684549C421CE218F00CF5E80 /* git.storyboard in Resources */ = {isa = PBXBuildFile; fileRef = 684549C321CE218F00CF5E80 /* git.storyboard */; };
		684549C621CE247B00CF5E80 /* UIImage.swift in Sources */ = {isa = PBXBuildFile; fileRef = 684549C521CE247B00CF5E80 /* UIImage.swift */; };
		684549C921CE27EE00CF5E80 /* GitVC.swift in Sources */ = {isa = PBXBuildFile; fileRef = 684549C821CE27EE00CF5E80 /* GitVC.swift */; };
		6852C24C21BB53BA00FA40DC /* Editor.xib in Resources */ = {isa = PBXBuildFile; fileRef = 6852C24B21BB53BA00FA40DC /* Editor.xib */; };
		6852C24E21BB542000FA40DC /* Editor.swift in Sources */ = {isa = PBXBuildFile; fileRef = 6852C24D21BB542000FA40DC /* Editor.swift */; };
		6856C79F21B23E3800441767 /* FileCell.swift in Sources */ = {isa = PBXBuildFile; fileRef = 6856C79E21B23E3800441767 /* FileCell.swift */; };
		6856C7A121B249FB00441767 /* Icons.plist in Resources */ = {isa = PBXBuildFile; fileRef = 6856C7A021B249FB00441767 /* Icons.plist */; };
		6856C7A321B2586500441767 /* opicons.ttf in Resources */ = {isa = PBXBuildFile; fileRef = 6856C7A221B2509400441767 /* opicons.ttf */; };
		6856C7A421B2586700441767 /* file-icons.ttf in Resources */ = {isa = PBXBuildFile; fileRef = 6856C79C21B23DC300441767 /* file-icons.ttf */; };
		6856C7A721B2735200441767 /* Projects.storyboard in Resources */ = {isa = PBXBuildFile; fileRef = 6856C7A621B2735200441767 /* Projects.storyboard */; };
		6856C7AB21B2788900441767 /* ProjectVC.swift in Sources */ = {isa = PBXBuildFile; fileRef = 6856C7AA21B2788900441767 /* ProjectVC.swift */; };
		6856C7AF21B2797200441767 /* Project.swift in Sources */ = {isa = PBXBuildFile; fileRef = 6856C7AE21B2797200441767 /* Project.swift */; };
		6856C7B221B27A8000441767 /* ProjectCell.swift in Sources */ = {isa = PBXBuildFile; fileRef = 6856C7B121B27A8000441767 /* ProjectCell.swift */; };
		6863DF8021B38FB800911374 /* BLTNBoard.framework in Frameworks */ = {isa = PBXBuildFile; fileRef = 6863DF7F21B38FB800911374 /* BLTNBoard.framework */; };
		6863DF8121B38FB800911374 /* BLTNBoard.framework in Embed Frameworks */ = {isa = PBXBuildFile; fileRef = 6863DF7F21B38FB800911374 /* BLTNBoard.framework */; settings = {ATTRIBUTES = (CodeSignOnCopy, RemoveHeadersOnCopy, ); }; };
		6863DF8521B3C60400911374 /* FeedBackBLTN.swift in Sources */ = {isa = PBXBuildFile; fileRef = 6863DF8421B3C60400911374 /* FeedBackBLTN.swift */; };
		6863DF8721B3C62C00911374 /* TextFieldBLTN.swift in Sources */ = {isa = PBXBuildFile; fileRef = 6863DF8621B3C62C00911374 /* TextFieldBLTN.swift */; };
		6863DF9121B5496200911374 /* BottomLine.xib in Resources */ = {isa = PBXBuildFile; fileRef = 6863DF9021B5496200911374 /* BottomLine.xib */; };
		6863DF9321B54A9800911374 /* BottomLine.swift in Sources */ = {isa = PBXBuildFile; fileRef = 6863DF9221B54A9800911374 /* BottomLine.swift */; };
		6863DF9521B54C2A00911374 /* date.swift in Sources */ = {isa = PBXBuildFile; fileRef = 6863DF9421B54C2A00911374 /* date.swift */; };
		6863DF9721B68F1700911374 /* LightStatus.swift in Sources */ = {isa = PBXBuildFile; fileRef = 6863DF9621B68F1700911374 /* LightStatus.swift */; };
		6864D06E21C8DF48001F5B18 /* SwiftGit2.framework in Frameworks */ = {isa = PBXBuildFile; fileRef = 6864D06D21C8DF48001F5B18 /* SwiftGit2.framework */; };
		6864D06F21C8DF48001F5B18 /* SwiftGit2.framework in Embed Frameworks */ = {isa = PBXBuildFile; fileRef = 6864D06D21C8DF48001F5B18 /* SwiftGit2.framework */; settings = {ATTRIBUTES = (CodeSignOnCopy, RemoveHeadersOnCopy, ); }; };
		6864D07121C8F13B001F5B18 /* Result.framework in Frameworks */ = {isa = PBXBuildFile; fileRef = 6864D07021C8F13B001F5B18 /* Result.framework */; };
		6864D07221C8F13B001F5B18 /* Result.framework in Embed Frameworks */ = {isa = PBXBuildFile; fileRef = 6864D07021C8F13B001F5B18 /* Result.framework */; settings = {ATTRIBUTES = (CodeSignOnCopy, RemoveHeadersOnCopy, ); }; };
		686822EE21DB8DCA0036694B /* GitCommit.xib in Resources */ = {isa = PBXBuildFile; fileRef = 686822ED21DB8DCA0036694B /* GitCommit.xib */; };
		686822F021DB8E130036694B /* GitCommit.swift in Sources */ = {isa = PBXBuildFile; fileRef = 686822EF21DB8E130036694B /* GitCommit.swift */; };
		6872862521D29BA8003F1073 /* ObjectiveGit.framework in Frameworks */ = {isa = PBXBuildFile; fileRef = 6872862421D29BA8003F1073 /* ObjectiveGit.framework */; };
		6872862621D29BA8003F1073 /* ObjectiveGit.framework in Embed Frameworks */ = {isa = PBXBuildFile; fileRef = 6872862421D29BA8003F1073 /* ObjectiveGit.framework */; settings = {ATTRIBUTES = (CodeSignOnCopy, RemoveHeadersOnCopy, ); }; };
		689BDC1D21B22F7800D88AAB /* AppDelegate.swift in Sources */ = {isa = PBXBuildFile; fileRef = 689BDC1C21B22F7800D88AAB /* AppDelegate.swift */; };
		689BDC1F21B22F7800D88AAB /* MasterViewController.swift in Sources */ = {isa = PBXBuildFile; fileRef = 689BDC1E21B22F7800D88AAB /* MasterViewController.swift */; };
		689BDC2121B22F7800D88AAB /* DetailViewController.swift in Sources */ = {isa = PBXBuildFile; fileRef = 689BDC2021B22F7800D88AAB /* DetailViewController.swift */; };
		689BDC2421B22F7800D88AAB /* Main.storyboard in Resources */ = {isa = PBXBuildFile; fileRef = 689BDC2221B22F7800D88AAB /* Main.storyboard */; };
		689BDC2621B22F7C00D88AAB /* Assets.xcassets in Resources */ = {isa = PBXBuildFile; fileRef = 689BDC2521B22F7B00D88AAB /* Assets.xcassets */; };
		689BDC2921B22F7C00D88AAB /* LaunchScreen.storyboard in Resources */ = {isa = PBXBuildFile; fileRef = 689BDC2721B22F7C00D88AAB /* LaunchScreen.storyboard */; };
		68E329D421D9223700231CFC /* ViewControllers.swift in Sources */ = {isa = PBXBuildFile; fileRef = 68E329D321D9223700231CFC /* ViewControllers.swift */; };
		68E4544A21C1276B00F945A0 /* CellStruct.swift in Sources */ = {isa = PBXBuildFile; fileRef = 68E4544921C1276B00F945A0 /* CellStruct.swift */; };
		68E4544C21C127F400F945A0 /* LoadFiles.swift in Sources */ = {isa = PBXBuildFile; fileRef = 68E4544B21C127F400F945A0 /* LoadFiles.swift */; };
		68E4544E21C276CB00F945A0 /* CreateFile.swift in Sources */ = {isa = PBXBuildFile; fileRef = 68E4544D21C276CB00F945A0 /* CreateFile.swift */; };
/* End PBXBuildFile section */

/* Begin PBXCopyFilesBuildPhase section */
		6863DF8221B38FB800911374 /* Embed Frameworks */ = {
			isa = PBXCopyFilesBuildPhase;
			buildActionMask = 2147483647;
			dstPath = "";
			dstSubfolderSpec = 10;
			files = (
				6864D07221C8F13B001F5B18 /* Result.framework in Embed Frameworks */,
				6872862621D29BA8003F1073 /* ObjectiveGit.framework in Embed Frameworks */,
				6864D06F21C8DF48001F5B18 /* SwiftGit2.framework in Embed Frameworks */,
				6863DF8121B38FB800911374 /* BLTNBoard.framework in Embed Frameworks */,
			);
			name = "Embed Frameworks";
			runOnlyForDeploymentPostprocessing = 0;
		};
/* End PBXCopyFilesBuildPhase section */

/* Begin PBXFileReference section */
		6802069C21C6469C000686D1 /* Data.swift */ = {isa = PBXFileReference; lastKnownFileType = sourcecode.swift; path = Data.swift; sourceTree = "<group>"; };
		68058E5721C7AFCB0088334E /* TableViewExtension.swift */ = {isa = PBXFileReference; lastKnownFileType = sourcecode.swift; path = TableViewExtension.swift; sourceTree = "<group>"; };
		6808B18021BD1D8200811058 /* Files.swift */ = {isa = PBXFileReference; lastKnownFileType = sourcecode.swift; path = Files.swift; sourceTree = "<group>"; };
		6808B18221BD1E5200811058 /* FileProjects.swift */ = {isa = PBXFileReference; lastKnownFileType = sourcecode.swift; path = FileProjects.swift; sourceTree = "<group>"; };
		6813ED4E21FDC29B007FC120 /* Alert.swift */ = {isa = PBXFileReference; lastKnownFileType = sourcecode.swift; path = Alert.swift; sourceTree = "<group>"; };
		68162E8721BBE11200CDA628 /* EditorView */ = {isa = PBXFileReference; lastKnownFileType = folder; path = EditorView; sourceTree = "<group>"; };
		681D9F7521E604C90054CC5E /* PullPush.swift */ = {isa = PBXFileReference; lastKnownFileType = sourcecode.swift; path = PullPush.swift; sourceTree = "<group>"; };
		684549C321CE218F00CF5E80 /* git.storyboard */ = {isa = PBXFileReference; lastKnownFileType = file.storyboard; path = git.storyboard; sourceTree = "<group>"; };
		684549C521CE247B00CF5E80 /* UIImage.swift */ = {isa = PBXFileReference; lastKnownFileType = sourcecode.swift; path = UIImage.swift; sourceTree = "<group>"; };
		684549C821CE27EE00CF5E80 /* GitVC.swift */ = {isa = PBXFileReference; lastKnownFileType = sourcecode.swift; path = GitVC.swift; sourceTree = "<group>"; };
		6852C24B21BB53BA00FA40DC /* Editor.xib */ = {isa = PBXFileReference; lastKnownFileType = file.xib; path = Editor.xib; sourceTree = "<group>"; };
		6852C24D21BB542000FA40DC /* Editor.swift */ = {isa = PBXFileReference; lastKnownFileType = sourcecode.swift; path = Editor.swift; sourceTree = "<group>"; };
		6856C79C21B23DC300441767 /* file-icons.ttf */ = {isa = PBXFileReference; lastKnownFileType = file; path = "file-icons.ttf"; sourceTree = "<group>"; };
		6856C79E21B23E3800441767 /* FileCell.swift */ = {isa = PBXFileReference; lastKnownFileType = sourcecode.swift; path = FileCell.swift; sourceTree = "<group>"; };
		6856C7A021B249FB00441767 /* Icons.plist */ = {isa = PBXFileReference; lastKnownFileType = text.plist.xml; path = Icons.plist; sourceTree = "<group>"; };
		6856C7A221B2509400441767 /* opicons.ttf */ = {isa = PBXFileReference; lastKnownFileType = file; path = opicons.ttf; sourceTree = "<group>"; };
		6856C7A621B2735200441767 /* Projects.storyboard */ = {isa = PBXFileReference; lastKnownFileType = file.storyboard; path = Projects.storyboard; sourceTree = "<group>"; };
		6856C7A821B2773F00441767 /* octicons.ttf */ = {isa = PBXFileReference; lastKnownFileType = file; path = octicons.ttf; sourceTree = "<group>"; };
		6856C7AA21B2788900441767 /* ProjectVC.swift */ = {isa = PBXFileReference; lastKnownFileType = sourcecode.swift; path = ProjectVC.swift; sourceTree = "<group>"; };
		6856C7AE21B2797200441767 /* Project.swift */ = {isa = PBXFileReference; lastKnownFileType = sourcecode.swift; path = Project.swift; sourceTree = "<group>"; };
		6856C7B121B27A8000441767 /* ProjectCell.swift */ = {isa = PBXFileReference; lastKnownFileType = sourcecode.swift; path = ProjectCell.swift; sourceTree = "<group>"; };
		6863DF7F21B38FB800911374 /* BLTNBoard.framework */ = {isa = PBXFileReference; lastKnownFileType = wrapper.framework; name = BLTNBoard.framework; path = Carthage/Build/iOS/BLTNBoard.framework; sourceTree = "<group>"; };
		6863DF8421B3C60400911374 /* FeedBackBLTN.swift */ = {isa = PBXFileReference; lastKnownFileType = sourcecode.swift; path = FeedBackBLTN.swift; sourceTree = "<group>"; };
		6863DF8621B3C62C00911374 /* TextFieldBLTN.swift */ = {isa = PBXFileReference; lastKnownFileType = sourcecode.swift; path = TextFieldBLTN.swift; sourceTree = "<group>"; };
		6863DF8821B3FABB00911374 /* StudIO.entitlements */ = {isa = PBXFileReference; lastKnownFileType = text.plist.entitlements; path = StudIO.entitlements; sourceTree = "<group>"; };
		6863DF9021B5496200911374 /* BottomLine.xib */ = {isa = PBXFileReference; lastKnownFileType = file.xib; path = BottomLine.xib; sourceTree = "<group>"; };
		6863DF9221B54A9800911374 /* BottomLine.swift */ = {isa = PBXFileReference; lastKnownFileType = sourcecode.swift; path = BottomLine.swift; sourceTree = "<group>"; };
		6863DF9421B54C2A00911374 /* date.swift */ = {isa = PBXFileReference; lastKnownFileType = sourcecode.swift; path = date.swift; sourceTree = "<group>"; };
		6863DF9621B68F1700911374 /* LightStatus.swift */ = {isa = PBXFileReference; lastKnownFileType = sourcecode.swift; path = LightStatus.swift; sourceTree = "<group>"; };
		6864D06D21C8DF48001F5B18 /* SwiftGit2.framework */ = {isa = PBXFileReference; lastKnownFileType = wrapper.framework; name = SwiftGit2.framework; path = Carthage/Build/iOS/SwiftGit2.framework; sourceTree = "<group>"; };
		6864D07021C8F13B001F5B18 /* Result.framework */ = {isa = PBXFileReference; lastKnownFileType = wrapper.framework; name = Result.framework; path = Carthage/Build/iOS/Result.framework; sourceTree = "<group>"; };
		686822ED21DB8DCA0036694B /* GitCommit.xib */ = {isa = PBXFileReference; lastKnownFileType = file.xib; path = GitCommit.xib; sourceTree = "<group>"; };
		686822EF21DB8E130036694B /* GitCommit.swift */ = {isa = PBXFileReference; lastKnownFileType = sourcecode.swift; path = GitCommit.swift; sourceTree = "<group>"; };
		6872862421D29BA8003F1073 /* ObjectiveGit.framework */ = {isa = PBXFileReference; lastKnownFileType = wrapper.framework; name = ObjectiveGit.framework; path = Carthage/Build/iOS/ObjectiveGit.framework; sourceTree = "<group>"; };
		6872862B21D29DE2003F1073 /* Header.h */ = {isa = PBXFileReference; lastKnownFileType = sourcecode.c.h; path = Header.h; sourceTree = "<group>"; };
		689BDC1921B22F7800D88AAB /* StudIO.app */ = {isa = PBXFileReference; explicitFileType = wrapper.application; includeInIndex = 0; path = StudIO.app; sourceTree = BUILT_PRODUCTS_DIR; };
		689BDC1C21B22F7800D88AAB /* AppDelegate.swift */ = {isa = PBXFileReference; lastKnownFileType = sourcecode.swift; path = AppDelegate.swift; sourceTree = "<group>"; };
		689BDC1E21B22F7800D88AAB /* MasterViewController.swift */ = {isa = PBXFileReference; lastKnownFileType = sourcecode.swift; path = MasterViewController.swift; sourceTree = "<group>"; };
		689BDC2021B22F7800D88AAB /* DetailViewController.swift */ = {isa = PBXFileReference; lastKnownFileType = sourcecode.swift; path = DetailViewController.swift; sourceTree = "<group>"; };
		689BDC2321B22F7800D88AAB /* Base */ = {isa = PBXFileReference; lastKnownFileType = file.storyboard; name = Base; path = Base.lproj/Main.storyboard; sourceTree = "<group>"; };
		689BDC2521B22F7B00D88AAB /* Assets.xcassets */ = {isa = PBXFileReference; lastKnownFileType = folder.assetcatalog; path = Assets.xcassets; sourceTree = "<group>"; };
		689BDC2821B22F7C00D88AAB /* Base */ = {isa = PBXFileReference; lastKnownFileType = file.storyboard; name = Base; path = Base.lproj/LaunchScreen.storyboard; sourceTree = "<group>"; };
		689BDC2A21B22F7C00D88AAB /* Info.plist */ = {isa = PBXFileReference; lastKnownFileType = text.plist.xml; path = Info.plist; sourceTree = "<group>"; };
		68E329D321D9223700231CFC /* ViewControllers.swift */ = {isa = PBXFileReference; lastKnownFileType = sourcecode.swift; path = ViewControllers.swift; sourceTree = "<group>"; };
		68E4544921C1276B00F945A0 /* CellStruct.swift */ = {isa = PBXFileReference; lastKnownFileType = sourcecode.swift; path = CellStruct.swift; sourceTree = "<group>"; };
		68E4544B21C127F400F945A0 /* LoadFiles.swift */ = {isa = PBXFileReference; lastKnownFileType = sourcecode.swift; path = LoadFiles.swift; sourceTree = "<group>"; };
		68E4544D21C276CB00F945A0 /* CreateFile.swift */ = {isa = PBXFileReference; lastKnownFileType = sourcecode.swift; path = CreateFile.swift; sourceTree = "<group>"; };
/* End PBXFileReference section */

/* Begin PBXFrameworksBuildPhase section */
		689BDC1621B22F7800D88AAB /* Frameworks */ = {
			isa = PBXFrameworksBuildPhase;
			buildActionMask = 2147483647;
			files = (
				6864D07121C8F13B001F5B18 /* Result.framework in Frameworks */,
				6872862521D29BA8003F1073 /* ObjectiveGit.framework in Frameworks */,
				6864D06E21C8DF48001F5B18 /* SwiftGit2.framework in Frameworks */,
				6863DF8021B38FB800911374 /* BLTNBoard.framework in Frameworks */,
			);
			runOnlyForDeploymentPostprocessing = 0;
		};
/* End PBXFrameworksBuildPhase section */

/* Begin PBXGroup section */
		68162E8621BBCD4400CDA628 /* CodeMirror */ = {
			isa = PBXGroup;
			children = (
				68162E8721BBE11200CDA628 /* EditorView */,
			);
			path = CodeMirror;
			sourceTree = "<group>";
		};
		684549C721CE279500CF5E80 /* Git */ = {
			isa = PBXGroup;
			children = (
				6872862A21D29DAE003F1073 /* ObjectiveGit */,
				684549C821CE27EE00CF5E80 /* GitVC.swift */,
			);
			path = Git;
			sourceTree = "<group>";
		};
		6856C79821B236B500441767 /* Menus */ = {
			isa = PBXGroup;
			children = (
				6856C79D21B23E1D00441767 /* Components */,
				689BDC1E21B22F7800D88AAB /* MasterViewController.swift */,
			);
			path = Menus;
			sourceTree = "<group>";
		};
		6856C79921B236C100441767 /* Editor */ = {
			isa = PBXGroup;
			children = (
				68162E8621BBCD4400CDA628 /* CodeMirror */,
				6863DF8D21B5491A00911374 /* Controllers */,
				6863DF8C21B5490D00911374 /* Interface */,
				689BDC2021B22F7800D88AAB /* DetailViewController.swift */,
			);
			path = Editor;
			sourceTree = "<group>";
		};
		6856C79A21B236C900441767 /* Views */ = {
			isa = PBXGroup;
			children = (
				6856C7A521B2732A00441767 /* Components */,
				689BDC2221B22F7800D88AAB /* Main.storyboard */,
				689BDC2721B22F7C00D88AAB /* LaunchScreen.storyboard */,
				6856C7A621B2735200441767 /* Projects.storyboard */,
				684549C321CE218F00CF5E80 /* git.storyboard */,
			);
			path = Views;
			sourceTree = "<group>";
		};
		6856C79B21B23DAC00441767 /* Assets */ = {
			isa = PBXGroup;
			children = (
				6856C7A821B2773F00441767 /* octicons.ttf */,
				6856C7A221B2509400441767 /* opicons.ttf */,
				6856C79C21B23DC300441767 /* file-icons.ttf */,
				689BDC2521B22F7B00D88AAB /* Assets.xcassets */,
			);
			path = Assets;
			sourceTree = "<group>";
		};
		6856C79D21B23E1D00441767 /* Components */ = {
			isa = PBXGroup;
			children = (
				68E4544621BE83D400F945A0 /* File System */,
				6856C79E21B23E3800441767 /* FileCell.swift */,
				6856C7A021B249FB00441767 /* Icons.plist */,
				68058E5721C7AFCB0088334E /* TableViewExtension.swift */,
			);
			path = Components;
			sourceTree = "<group>";
		};
		6856C7A521B2732A00441767 /* Components */ = {
			isa = PBXGroup;
			children = (
				6863DF9621B68F1700911374 /* LightStatus.swift */,
			);
			path = Components;
			sourceTree = "<group>";
		};
		6856C7A921B2786D00441767 /* Projects */ = {
			isa = PBXGroup;
			children = (
				6856C7B021B279FB00441767 /* Components */,
				6856C7AA21B2788900441767 /* ProjectVC.swift */,
				6856C7B121B27A8000441767 /* ProjectCell.swift */,
			);
			path = Projects;
			sourceTree = "<group>";
		};
		6856C7B021B279FB00441767 /* Components */ = {
			isa = PBXGroup;
			children = (
				6863DF8321B3C5E000911374 /* Bulletin */,
				6856C7AE21B2797200441767 /* Project.swift */,
				6808B18221BD1E5200811058 /* FileProjects.swift */,
			);
			path = Components;
			sourceTree = "<group>";
		};
		6863DF8321B3C5E000911374 /* Bulletin */ = {
			isa = PBXGroup;
			children = (
				6863DF8421B3C60400911374 /* FeedBackBLTN.swift */,
				6863DF8621B3C62C00911374 /* TextFieldBLTN.swift */,
			);
			path = Bulletin;
			sourceTree = "<group>";
		};
		6863DF8921B5485D00911374 /* Extensions */ = {
			isa = PBXGroup;
			children = (
				6863DF9421B54C2A00911374 /* date.swift */,
				6808B18021BD1D8200811058 /* Files.swift */,
				6802069C21C6469C000686D1 /* Data.swift */,
				684549C521CE247B00CF5E80 /* UIImage.swift */,
				68E329D321D9223700231CFC /* ViewControllers.swift */,
				6813ED4E21FDC29B007FC120 /* Alert.swift */,
			);
			path = Extensions;
			sourceTree = "<group>";
		};
		6863DF8C21B5490D00911374 /* Interface */ = {
			isa = PBXGroup;
			children = (
				6863DF9021B5496200911374 /* BottomLine.xib */,
				6852C24B21BB53BA00FA40DC /* Editor.xib */,
				686822ED21DB8DCA0036694B /* GitCommit.xib */,
			);
			path = Interface;
			sourceTree = "<group>";
		};
		6863DF8D21B5491A00911374 /* Controllers */ = {
			isa = PBXGroup;
			children = (
				6863DF9221B54A9800911374 /* BottomLine.swift */,
				6852C24D21BB542000FA40DC /* Editor.swift */,
				686822EF21DB8E130036694B /* GitCommit.swift */,
			);
			path = Controllers;
			sourceTree = "<group>";
		};
		6872862A21D29DAE003F1073 /* ObjectiveGit */ = {
			isa = PBXGroup;
			children = (
				6872862B21D29DE2003F1073 /* Header.h */,
				681D9F7521E604C90054CC5E /* PullPush.swift */,
			);
			path = ObjectiveGit;
			sourceTree = "<group>";
		};
		689BDC1021B22F7800D88AAB = {
			isa = PBXGroup;
			children = (
				6872862421D29BA8003F1073 /* ObjectiveGit.framework */,
				6864D07021C8F13B001F5B18 /* Result.framework */,
				6864D06D21C8DF48001F5B18 /* SwiftGit2.framework */,
				6863DF7F21B38FB800911374 /* BLTNBoard.framework */,
				689BDC1B21B22F7800D88AAB /* StudIO */,
				689BDC1A21B22F7800D88AAB /* Products */,
			);
			sourceTree = "<group>";
		};
		689BDC1A21B22F7800D88AAB /* Products */ = {
			isa = PBXGroup;
			children = (
				689BDC1921B22F7800D88AAB /* StudIO.app */,
			);
			name = Products;
			sourceTree = "<group>";
		};
		689BDC1B21B22F7800D88AAB /* StudIO */ = {
			isa = PBXGroup;
			children = (
				6863DF8921B5485D00911374 /* Extensions */,
				6863DF8821B3FABB00911374 /* StudIO.entitlements */,
				6856C7A921B2786D00441767 /* Projects */,
				684549C721CE279500CF5E80 /* Git */,
				6856C79921B236C100441767 /* Editor */,
				6856C79821B236B500441767 /* Menus */,
				689BDC1C21B22F7800D88AAB /* AppDelegate.swift */,
				6856C79A21B236C900441767 /* Views */,
				6856C79B21B23DAC00441767 /* Assets */,
				689BDC2A21B22F7C00D88AAB /* Info.plist */,
			);
			path = StudIO;
			sourceTree = "<group>";
		};
		68E4544621BE83D400F945A0 /* File System */ = {
			isa = PBXGroup;
			children = (
				68E4544921C1276B00F945A0 /* CellStruct.swift */,
				68E4544B21C127F400F945A0 /* LoadFiles.swift */,
				68E4544D21C276CB00F945A0 /* CreateFile.swift */,
			);
			path = "File System";
			sourceTree = "<group>";
		};
/* End PBXGroup section */

/* Begin PBXNativeTarget section */
		689BDC1821B22F7800D88AAB /* StudIO */ = {
			isa = PBXNativeTarget;
			buildConfigurationList = 689BDC2D21B22F7C00D88AAB /* Build configuration list for PBXNativeTarget "StudIO" */;
			buildPhases = (
				6804020E220EC2BA00789453 /* ShellScript */,
				689BDC1521B22F7800D88AAB /* Sources */,
				689BDC1621B22F7800D88AAB /* Frameworks */,
				689BDC1721B22F7800D88AAB /* Resources */,
				6863DF8221B38FB800911374 /* Embed Frameworks */,
			);
			buildRules = (
			);
			dependencies = (
			);
			name = StudIO;
			productName = StudIO;
			productReference = 689BDC1921B22F7800D88AAB /* StudIO.app */;
			productType = "com.apple.product-type.application";
		};
/* End PBXNativeTarget section */

/* Begin PBXProject section */
		689BDC1121B22F7800D88AAB /* Project object */ = {
			isa = PBXProject;
			attributes = {
				LastSwiftUpdateCheck = 1010;
				LastUpgradeCheck = 1010;
				ORGANIZATIONNAME = "Arthur Guiot";
				TargetAttributes = {
					689BDC1821B22F7800D88AAB = {
						CreatedOnToolsVersion = 10.1;
						LastSwiftMigration = 1010;
						SystemCapabilities = {
							com.apple.iCloud = {
								enabled = 1;
							};
						};
					};
				};
			};
			buildConfigurationList = 689BDC1421B22F7800D88AAB /* Build configuration list for PBXProject "StudIO" */;
			compatibilityVersion = "Xcode 9.3";
			developmentRegion = en;
			hasScannedForEncodings = 0;
			knownRegions = (
				en,
				Base,
			);
			mainGroup = 689BDC1021B22F7800D88AAB;
			productRefGroup = 689BDC1A21B22F7800D88AAB /* Products */;
			projectDirPath = "";
			projectRoot = "";
			targets = (
				689BDC1821B22F7800D88AAB /* StudIO */,
			);
		};
/* End PBXProject section */

/* Begin PBXResourcesBuildPhase section */
		689BDC1721B22F7800D88AAB /* Resources */ = {
			isa = PBXResourcesBuildPhase;
			buildActionMask = 2147483647;
			files = (
				689BDC2921B22F7C00D88AAB /* LaunchScreen.storyboard in Resources */,
				6856C7A721B2735200441767 /* Projects.storyboard in Resources */,
				6856C7A421B2586700441767 /* file-icons.ttf in Resources */,
				68162E8821BBE11200CDA628 /* EditorView in Resources */,
				6856C7A321B2586500441767 /* opicons.ttf in Resources */,
				6823A97221C4A22000EA0A2E /* octicons.ttf in Resources */,
				6852C24C21BB53BA00FA40DC /* Editor.xib in Resources */,
				6863DF9121B5496200911374 /* BottomLine.xib in Resources */,
				686822EE21DB8DCA0036694B /* GitCommit.xib in Resources */,
				6856C7A121B249FB00441767 /* Icons.plist in Resources */,
				684549C421CE218F00CF5E80 /* git.storyboard in Resources */,
				689BDC2621B22F7C00D88AAB /* Assets.xcassets in Resources */,
				689BDC2421B22F7800D88AAB /* Main.storyboard in Resources */,
			);
			runOnlyForDeploymentPostprocessing = 0;
		};
/* End PBXResourcesBuildPhase section */

/* Begin PBXShellScriptBuildPhase section */
		6804020E220EC2BA00789453 /* ShellScript */ = {
			isa = PBXShellScriptBuildPhase;
			buildActionMask = 2147483647;
			files = (
			);
			inputFileListPaths = (
			);
			inputPaths = (
			);
			outputFileListPaths = (
			);
			outputPaths = (
			);
			runOnlyForDeploymentPostprocessing = 0;
			shellPath = /bin/sh;
			shellScript = "# xcode-build-bump.sh\n# @desc Auto-increment the build number every time the project is run. \n# @usage\n# 1. Select: your Target in Xcode\n# 2. Select: Build Phases Tab\n# 3. Select: Add Build Phase -> Add Run Script\n# 4. Paste code below in to new \"Run Script\" section\n# 5. Drag the \"Run Script\" below \"Link Binaries With Libraries\"\n# 6. Insure that your starting build number is set to a whole integer and not a float (e.g. 1, not 1.0)\n\nbuildNumber=$(/usr/libexec/PlistBuddy -c \"Print CFBundleVersion\" \"${PROJECT_DIR}/${INFOPLIST_FILE}\")\nbuildNumber=$(($buildNumber + 1))\n/usr/libexec/PlistBuddy -c \"Set :CFBundleVersion $buildNumber\" \"${PROJECT_DIR}/${INFOPLIST_FILE}\"\n";
		};
/* End PBXShellScriptBuildPhase section */

/* Begin PBXSourcesBuildPhase section */
		689BDC1521B22F7800D88AAB /* Sources */ = {
			isa = PBXSourcesBuildPhase;
			buildActionMask = 2147483647;
			files = (
				68E4544A21C1276B00F945A0 /* CellStruct.swift in Sources */,
				686822F021DB8E130036694B /* GitCommit.swift in Sources */,
				6863DF9721B68F1700911374 /* LightStatus.swift in Sources */,
				68E329D421D9223700231CFC /* ViewControllers.swift in Sources */,
				689BDC2121B22F7800D88AAB /* DetailViewController.swift in Sources */,
				6852C24E21BB542000FA40DC /* Editor.swift in Sources */,
				6856C79F21B23E3800441767 /* FileCell.swift in Sources */,
				6863DF9321B54A9800911374 /* BottomLine.swift in Sources */,
				684549C621CE247B00CF5E80 /* UIImage.swift in Sources */,
				6863DF8521B3C60400911374 /* FeedBackBLTN.swift in Sources */,
				6863DF8721B3C62C00911374 /* TextFieldBLTN.swift in Sources */,
				689BDC1F21B22F7800D88AAB /* MasterViewController.swift in Sources */,
				6863DF9521B54C2A00911374 /* date.swift in Sources */,
				6808B18121BD1D8200811058 /* Files.swift in Sources */,
				6808B18321BD1E5200811058 /* FileProjects.swift in Sources */,
				6856C7B221B27A8000441767 /* ProjectCell.swift in Sources */,
				68E4544E21C276CB00F945A0 /* CreateFile.swift in Sources */,
				6856C7AB21B2788900441767 /* ProjectVC.swift in Sources */,
				6813ED4F21FDC29B007FC120 /* Alert.swift in Sources */,
				68E4544C21C127F400F945A0 /* LoadFiles.swift in Sources */,
				684549C921CE27EE00CF5E80 /* GitVC.swift in Sources */,
				6802069D21C6469C000686D1 /* Data.swift in Sources */,
				689BDC1D21B22F7800D88AAB /* AppDelegate.swift in Sources */,
				6856C7AF21B2797200441767 /* Project.swift in Sources */,
				681D9F7621E604C90054CC5E /* PullPush.swift in Sources */,
				68058E5821C7AFCB0088334E /* TableViewExtension.swift in Sources */,
			);
			runOnlyForDeploymentPostprocessing = 0;
		};
/* End PBXSourcesBuildPhase section */

/* Begin PBXVariantGroup section */
		689BDC2221B22F7800D88AAB /* Main.storyboard */ = {
			isa = PBXVariantGroup;
			children = (
				689BDC2321B22F7800D88AAB /* Base */,
			);
			name = Main.storyboard;
			sourceTree = "<group>";
		};
		689BDC2721B22F7C00D88AAB /* LaunchScreen.storyboard */ = {
			isa = PBXVariantGroup;
			children = (
				689BDC2821B22F7C00D88AAB /* Base */,
			);
			name = LaunchScreen.storyboard;
			sourceTree = "<group>";
		};
/* End PBXVariantGroup section */

/* Begin XCBuildConfiguration section */
		689BDC2B21B22F7C00D88AAB /* Debug */ = {
			isa = XCBuildConfiguration;
			buildSettings = {
				ALWAYS_SEARCH_USER_PATHS = NO;
				CLANG_ANALYZER_NONNULL = YES;
				CLANG_ANALYZER_NUMBER_OBJECT_CONVERSION = YES_AGGRESSIVE;
				CLANG_CXX_LANGUAGE_STANDARD = "gnu++14";
				CLANG_CXX_LIBRARY = "libc++";
				CLANG_ENABLE_MODULES = YES;
				CLANG_ENABLE_OBJC_ARC = YES;
				CLANG_ENABLE_OBJC_WEAK = YES;
				CLANG_WARN_BLOCK_CAPTURE_AUTORELEASING = YES;
				CLANG_WARN_BOOL_CONVERSION = YES;
				CLANG_WARN_COMMA = YES;
				CLANG_WARN_CONSTANT_CONVERSION = YES;
				CLANG_WARN_DEPRECATED_OBJC_IMPLEMENTATIONS = YES;
				CLANG_WARN_DIRECT_OBJC_ISA_USAGE = YES_ERROR;
				CLANG_WARN_DOCUMENTATION_COMMENTS = YES;
				CLANG_WARN_EMPTY_BODY = YES;
				CLANG_WARN_ENUM_CONVERSION = YES;
				CLANG_WARN_INFINITE_RECURSION = YES;
				CLANG_WARN_INT_CONVERSION = YES;
				CLANG_WARN_NON_LITERAL_NULL_CONVERSION = YES;
				CLANG_WARN_OBJC_IMPLICIT_RETAIN_SELF = YES;
				CLANG_WARN_OBJC_LITERAL_CONVERSION = YES;
				CLANG_WARN_OBJC_ROOT_CLASS = YES_ERROR;
				CLANG_WARN_RANGE_LOOP_ANALYSIS = YES;
				CLANG_WARN_STRICT_PROTOTYPES = YES;
				CLANG_WARN_SUSPICIOUS_MOVE = YES;
				CLANG_WARN_UNGUARDED_AVAILABILITY = YES_AGGRESSIVE;
				CLANG_WARN_UNREACHABLE_CODE = YES;
				CLANG_WARN__DUPLICATE_METHOD_MATCH = YES;
				CODE_SIGN_IDENTITY = "iPhone Developer";
				COPY_PHASE_STRIP = NO;
				DEBUG_INFORMATION_FORMAT = dwarf;
				ENABLE_STRICT_OBJC_MSGSEND = YES;
				ENABLE_TESTABILITY = YES;
				GCC_C_LANGUAGE_STANDARD = gnu11;
				GCC_DYNAMIC_NO_PIC = NO;
				GCC_NO_COMMON_BLOCKS = YES;
				GCC_OPTIMIZATION_LEVEL = 0;
				GCC_PREPROCESSOR_DEFINITIONS = (
					"DEBUG=1",
					"$(inherited)",
				);
				GCC_WARN_64_TO_32_BIT_CONVERSION = YES;
				GCC_WARN_ABOUT_RETURN_TYPE = YES_ERROR;
				GCC_WARN_UNDECLARED_SELECTOR = YES;
				GCC_WARN_UNINITIALIZED_AUTOS = YES_AGGRESSIVE;
				GCC_WARN_UNUSED_FUNCTION = YES;
				GCC_WARN_UNUSED_VARIABLE = YES;
				IPHONEOS_DEPLOYMENT_TARGET = 12.1;
				MTL_ENABLE_DEBUG_INFO = INCLUDE_SOURCE;
				MTL_FAST_MATH = YES;
				ONLY_ACTIVE_ARCH = YES;
				SDKROOT = iphoneos;
				SWIFT_ACTIVE_COMPILATION_CONDITIONS = DEBUG;
				SWIFT_OPTIMIZATION_LEVEL = "-Onone";
			};
			name = Debug;
		};
		689BDC2C21B22F7C00D88AAB /* Release */ = {
			isa = XCBuildConfiguration;
			buildSettings = {
				ALWAYS_SEARCH_USER_PATHS = NO;
				CLANG_ANALYZER_NONNULL = YES;
				CLANG_ANALYZER_NUMBER_OBJECT_CONVERSION = YES_AGGRESSIVE;
				CLANG_CXX_LANGUAGE_STANDARD = "gnu++14";
				CLANG_CXX_LIBRARY = "libc++";
				CLANG_ENABLE_MODULES = YES;
				CLANG_ENABLE_OBJC_ARC = YES;
				CLANG_ENABLE_OBJC_WEAK = YES;
				CLANG_WARN_BLOCK_CAPTURE_AUTORELEASING = YES;
				CLANG_WARN_BOOL_CONVERSION = YES;
				CLANG_WARN_COMMA = YES;
				CLANG_WARN_CONSTANT_CONVERSION = YES;
				CLANG_WARN_DEPRECATED_OBJC_IMPLEMENTATIONS = YES;
				CLANG_WARN_DIRECT_OBJC_ISA_USAGE = YES_ERROR;
				CLANG_WARN_DOCUMENTATION_COMMENTS = YES;
				CLANG_WARN_EMPTY_BODY = YES;
				CLANG_WARN_ENUM_CONVERSION = YES;
				CLANG_WARN_INFINITE_RECURSION = YES;
				CLANG_WARN_INT_CONVERSION = YES;
				CLANG_WARN_NON_LITERAL_NULL_CONVERSION = YES;
				CLANG_WARN_OBJC_IMPLICIT_RETAIN_SELF = YES;
				CLANG_WARN_OBJC_LITERAL_CONVERSION = YES;
				CLANG_WARN_OBJC_ROOT_CLASS = YES_ERROR;
				CLANG_WARN_RANGE_LOOP_ANALYSIS = YES;
				CLANG_WARN_STRICT_PROTOTYPES = YES;
				CLANG_WARN_SUSPICIOUS_MOVE = YES;
				CLANG_WARN_UNGUARDED_AVAILABILITY = YES_AGGRESSIVE;
				CLANG_WARN_UNREACHABLE_CODE = YES;
				CLANG_WARN__DUPLICATE_METHOD_MATCH = YES;
				CODE_SIGN_IDENTITY = "iPhone Developer";
				COPY_PHASE_STRIP = NO;
				DEBUG_INFORMATION_FORMAT = "dwarf-with-dsym";
				ENABLE_NS_ASSERTIONS = NO;
				ENABLE_STRICT_OBJC_MSGSEND = YES;
				GCC_C_LANGUAGE_STANDARD = gnu11;
				GCC_NO_COMMON_BLOCKS = YES;
				GCC_WARN_64_TO_32_BIT_CONVERSION = YES;
				GCC_WARN_ABOUT_RETURN_TYPE = YES_ERROR;
				GCC_WARN_UNDECLARED_SELECTOR = YES;
				GCC_WARN_UNINITIALIZED_AUTOS = YES_AGGRESSIVE;
				GCC_WARN_UNUSED_FUNCTION = YES;
				GCC_WARN_UNUSED_VARIABLE = YES;
				IPHONEOS_DEPLOYMENT_TARGET = 12.1;
				MTL_ENABLE_DEBUG_INFO = NO;
				MTL_FAST_MATH = YES;
				SDKROOT = iphoneos;
				SWIFT_COMPILATION_MODE = wholemodule;
				SWIFT_OPTIMIZATION_LEVEL = "-O";
				VALIDATE_PRODUCT = YES;
			};
			name = Release;
		};
		689BDC2E21B22F7C00D88AAB /* Debug */ = {
			isa = XCBuildConfiguration;
			buildSettings = {
				ASSETCATALOG_COMPILER_APPICON_NAME = AppIcon;
				CLANG_ENABLE_MODULES = YES;
				CODE_SIGN_ENTITLEMENTS = StudIO/StudIO.entitlements;
				CODE_SIGN_STYLE = Automatic;
				DEVELOPMENT_TEAM = 73CCF549YB;
				FRAMEWORK_SEARCH_PATHS = (
					"$(inherited)",
					"$(PROJECT_DIR)/Carthage/Build/iOS",
				);
				INFOPLIST_FILE = StudIO/Info.plist;
				IPHONEOS_DEPLOYMENT_TARGET = 11.0;
				LD_RUNPATH_SEARCH_PATHS = (
					"$(inherited)",
					"@executable_path/Frameworks",
				);
				PRODUCT_BUNDLE_IDENTIFIER = com.ArthurG.StudIO;
				PRODUCT_NAME = "$(TARGET_NAME)";
				SWIFT_OBJC_BRIDGING_HEADER = StudIO/Git/ObjectiveGit/Header.h;
				SWIFT_OPTIMIZATION_LEVEL = "-Onone";
				SWIFT_VERSION = 4.2;
				TARGETED_DEVICE_FAMILY = 2;
			};
			name = Debug;
		};
		689BDC2F21B22F7C00D88AAB /* Release */ = {
			isa = XCBuildConfiguration;
			buildSettings = {
				ASSETCATALOG_COMPILER_APPICON_NAME = AppIcon;
				CLANG_ENABLE_MODULES = YES;
				CODE_SIGN_ENTITLEMENTS = StudIO/StudIO.entitlements;
				CODE_SIGN_STYLE = Automatic;
				DEVELOPMENT_TEAM = 73CCF549YB;
				FRAMEWORK_SEARCH_PATHS = (
					"$(inherited)",
					"$(PROJECT_DIR)/Carthage/Build/iOS",
				);
				INFOPLIST_FILE = StudIO/Info.plist;
				IPHONEOS_DEPLOYMENT_TARGET = 11.0;
				LD_RUNPATH_SEARCH_PATHS = (
					"$(inherited)",
					"@executable_path/Frameworks",
				);
				PRODUCT_BUNDLE_IDENTIFIER = com.ArthurG.StudIO;
				PRODUCT_NAME = "$(TARGET_NAME)";
				SWIFT_OBJC_BRIDGING_HEADER = StudIO/Git/ObjectiveGit/Header.h;
				SWIFT_VERSION = 4.2;
				TARGETED_DEVICE_FAMILY = 2;
			};
			name = Release;
		};
/* End XCBuildConfiguration section */

/* Begin XCConfigurationList section */
		689BDC1421B22F7800D88AAB /* Build configuration list for PBXProject "StudIO" */ = {
			isa = XCConfigurationList;
			buildConfigurations = (
				689BDC2B21B22F7C00D88AAB /* Debug */,
				689BDC2C21B22F7C00D88AAB /* Release */,
			);
			defaultConfigurationIsVisible = 0;
			defaultConfigurationName = Release;
		};
		689BDC2D21B22F7C00D88AAB /* Build configuration list for PBXNativeTarget "StudIO" */ = {
			isa = XCConfigurationList;
			buildConfigurations = (
				689BDC2E21B22F7C00D88AAB /* Debug */,
				689BDC2F21B22F7C00D88AAB /* Release */,
			);
			defaultConfigurationIsVisible = 0;
			defaultConfigurationName = Release;
		};
/* End XCConfigurationList section */
	};
	rootObject = 689BDC1121B22F7800D88AAB /* Project object */;
}
